// !$*UTF8*$!
{
	archiveVersion = 1;
	classes = {
	};
	objectVersion = 51;
	objects = {

/* Begin PBXBuildFile section */
		0C3ADAA32087D23C00FFA275 /* progressive.jpeg in Resources */ = {isa = PBXBuildFile; fileRef = 0C3ADAA12087D23C00FFA275 /* progressive.jpeg */; };
		0C3ADAA42087D23C00FFA275 /* baseline.jpeg in Resources */ = {isa = PBXBuildFile; fileRef = 0C3ADAA22087D23C00FFA275 /* baseline.jpeg */; };
		0C4388A822AC060F007906A7 /* ImageProcessingDemoViewController.swift in Sources */ = {isa = PBXBuildFile; fileRef = 0C4388A722AC060F007906A7 /* ImageProcessingDemoViewController.swift */; };
		0C4878AA22A84E9700CFCFE7 /* ImagePipelineSettingsViewController.swift in Sources */ = {isa = PBXBuildFile; fileRef = 0C4878A922A84E9700CFCFE7 /* ImagePipelineSettingsViewController.swift */; };
		0C4878AC22A84EF900CFCFE7 /* ImagePipelineSettingsViewController.storyboard in Resources */ = {isa = PBXBuildFile; fileRef = 0C4878AB22A84EF900CFCFE7 /* ImagePipelineSettingsViewController.storyboard */; };
		0C880537242EB74B00F8C5B3 /* SwiftSVGDemoViewController.swift in Sources */ = {isa = PBXBuildFile; fileRef = 0C880536242EB74B00F8C5B3 /* SwiftSVGDemoViewController.swift */; };
		0CBBB09B20A8116C007474D2 /* AnimatedImageUsingVideoViewController.swift in Sources */ = {isa = PBXBuildFile; fileRef = 0CBBB09A20A8116C007474D2 /* AnimatedImageUsingVideoViewController.swift */; };
		0CCC1883209EDAF9003D7172 /* Images.xcassets in Resources */ = {isa = PBXBuildFile; fileRef = 0CCC1882209EDAF9003D7172 /* Images.xcassets */; };
		0CCC1894209EDCCF003D7172 /* BasicDemoViewController.swift in Sources */ = {isa = PBXBuildFile; fileRef = 0CCC1887209EDCCF003D7172 /* BasicDemoViewController.swift */; };
		0CCC1896209EDCCF003D7172 /* RateLimiterDemoViewController.swift in Sources */ = {isa = PBXBuildFile; fileRef = 0CCC1889209EDCCF003D7172 /* RateLimiterDemoViewController.swift */; };
		0CCC1898209EDCCF003D7172 /* DataCachingDemoViewController.swift in Sources */ = {isa = PBXBuildFile; fileRef = 0CCC188B209EDCCF003D7172 /* DataCachingDemoViewController.swift */; };
		0CCC1899209EDCCF003D7172 /* AppDelegate.swift in Sources */ = {isa = PBXBuildFile; fileRef = 0CCC188D209EDCCF003D7172 /* AppDelegate.swift */; };
		0CCC189A209EDCCF003D7172 /* Utilities.swift in Sources */ = {isa = PBXBuildFile; fileRef = 0CCC188F209EDCCF003D7172 /* Utilities.swift */; };
		0CCC189C209EDCCF003D7172 /* MenuViewController.swift in Sources */ = {isa = PBXBuildFile; fileRef = 0CCC1892209EDCCF003D7172 /* MenuViewController.swift */; };
		0CCC189D209EDCCF003D7172 /* ProgressiveDecodingDemoViewController.swift in Sources */ = {isa = PBXBuildFile; fileRef = 0CCC1893209EDCCF003D7172 /* ProgressiveDecodingDemoViewController.swift */; };
		0CCC18A3209EE0A6003D7172 /* AnimatedImageViewController.swift in Sources */ = {isa = PBXBuildFile; fileRef = 0CCC18A2209EE0A6003D7172 /* AnimatedImageViewController.swift */; };
		0CCC18A8209EE341003D7172 /* AlamofireIntegrationDemoViewController.swift in Sources */ = {isa = PBXBuildFile; fileRef = 0CCC18A7209EE341003D7172 /* AlamofireIntegrationDemoViewController.swift */; };
		0CD878972431108200DE301A /* Images.swift in Sources */ = {isa = PBXBuildFile; fileRef = 0CD878962431108200DE301A /* Images.swift */; };
		0CE5F687215688590046609F /* PrefetchingDemoViewController.swift in Sources */ = {isa = PBXBuildFile; fileRef = 0CE5F686215688590046609F /* PrefetchingDemoViewController.swift */; };
		268D173025AECA65000FF1D5 /* FrameStore.swift in Sources */ = {isa = PBXBuildFile; fileRef = 268D172425AECA65000FF1D5 /* FrameStore.swift */; };
		268D173125AECA65000FF1D5 /* GIFAnimatable.swift in Sources */ = {isa = PBXBuildFile; fileRef = 268D172525AECA65000FF1D5 /* GIFAnimatable.swift */; };
		268D173225AECA65000FF1D5 /* AnimatedFrame.swift in Sources */ = {isa = PBXBuildFile; fileRef = 268D172625AECA65000FF1D5 /* AnimatedFrame.swift */; };
		268D173325AECA65000FF1D5 /* Animator.swift in Sources */ = {isa = PBXBuildFile; fileRef = 268D172725AECA65000FF1D5 /* Animator.swift */; };
		268D173425AECA65000FF1D5 /* GIFImageView.swift in Sources */ = {isa = PBXBuildFile; fileRef = 268D172825AECA65000FF1D5 /* GIFImageView.swift */; };
		268D173525AECA65000FF1D5 /* Array.swift in Sources */ = {isa = PBXBuildFile; fileRef = 268D172A25AECA65000FF1D5 /* Array.swift */; };
		268D173625AECA65000FF1D5 /* CGSize.swift in Sources */ = {isa = PBXBuildFile; fileRef = 268D172B25AECA65000FF1D5 /* CGSize.swift */; };
		268D173725AECA65000FF1D5 /* UIImage.swift in Sources */ = {isa = PBXBuildFile; fileRef = 268D172C25AECA65000FF1D5 /* UIImage.swift */; };
		268D173825AECA65000FF1D5 /* UIImageView.swift in Sources */ = {isa = PBXBuildFile; fileRef = 268D172D25AECA65000FF1D5 /* UIImageView.swift */; };
		268D173925AECA65000FF1D5 /* ImageSourceHelpers.swift in Sources */ = {isa = PBXBuildFile; fileRef = 268D172F25AECA65000FF1D5 /* ImageSourceHelpers.swift */; };
		268D177425AECA87000FF1D5 /* SVGCache.swift in Sources */ = {isa = PBXBuildFile; fileRef = 268D173D25AECA87000FF1D5 /* SVGCache.swift */; };
		268D177525AECA87000FF1D5 /* SVGParserSupportedElements.swift in Sources */ = {isa = PBXBuildFile; fileRef = 268D173F25AECA87000FF1D5 /* SVGParserSupportedElements.swift */; };
		268D177625AECA87000FF1D5 /* NSXMLSVGParser.swift in Sources */ = {isa = PBXBuildFile; fileRef = 268D174025AECA87000FF1D5 /* NSXMLSVGParser.swift */; };
		268D177725AECA87000FF1D5 /* SVGParser.swift in Sources */ = {isa = PBXBuildFile; fileRef = 268D174125AECA87000FF1D5 /* SVGParser.swift */; };
		268D177825AECA87000FF1D5 /* Fillable.swift in Sources */ = {isa = PBXBuildFile; fileRef = 268D174325AECA87000FF1D5 /* Fillable.swift */; };
		268D177925AECA87000FF1D5 /* Transformable.swift in Sources */ = {isa = PBXBuildFile; fileRef = 268D174425AECA87000FF1D5 /* Transformable.swift */; };
		268D177A25AECA87000FF1D5 /* Strokable.swift in Sources */ = {isa = PBXBuildFile; fileRef = 268D174525AECA87000FF1D5 /* Strokable.swift */; };
		268D177B25AECA87000FF1D5 /* Stylable.swift in Sources */ = {isa = PBXBuildFile; fileRef = 268D174625AECA87000FF1D5 /* Stylable.swift */; };
		268D177C25AECA87000FF1D5 /* DelaysApplyingAttributes.swift in Sources */ = {isa = PBXBuildFile; fileRef = 268D174725AECA87000FF1D5 /* DelaysApplyingAttributes.swift */; };
		268D177D25AECA87000FF1D5 /* Identifiable.swift in Sources */ = {isa = PBXBuildFile; fileRef = 268D174825AECA87000FF1D5 /* Identifiable.swift */; };
		268D177E25AECA87000FF1D5 /* ParsesAsynchronously.swift in Sources */ = {isa = PBXBuildFile; fileRef = 268D174A25AECA87000FF1D5 /* ParsesAsynchronously.swift */; };
		268D177F25AECA87000FF1D5 /* SVGPolygon.swift in Sources */ = {isa = PBXBuildFile; fileRef = 268D174B25AECA87000FF1D5 /* SVGPolygon.swift */; };
		268D178025AECA87000FF1D5 /* SVGShapeElement.swift in Sources */ = {isa = PBXBuildFile; fileRef = 268D174C25AECA87000FF1D5 /* SVGShapeElement.swift */; };
		268D178125AECA87000FF1D5 /* SVGLine.swift in Sources */ = {isa = PBXBuildFile; fileRef = 268D174D25AECA87000FF1D5 /* SVGLine.swift */; };
		268D178225AECA87000FF1D5 /* SVGPath.swift in Sources */ = {isa = PBXBuildFile; fileRef = 268D174E25AECA87000FF1D5 /* SVGPath.swift */; };
		268D178325AECA87000FF1D5 /* SVGGroup.swift in Sources */ = {isa = PBXBuildFile; fileRef = 268D174F25AECA87000FF1D5 /* SVGGroup.swift */; };
		268D178425AECA87000FF1D5 /* SVGContainerElement.swift in Sources */ = {isa = PBXBuildFile; fileRef = 268D175025AECA87000FF1D5 /* SVGContainerElement.swift */; };
		268D178525AECA87000FF1D5 /* SVGRectangle.swift in Sources */ = {isa = PBXBuildFile; fileRef = 268D175125AECA87000FF1D5 /* SVGRectangle.swift */; };
		268D178625AECA87000FF1D5 /* SVGPolyline.swift in Sources */ = {isa = PBXBuildFile; fileRef = 268D175225AECA87000FF1D5 /* SVGPolyline.swift */; };
		268D178725AECA87000FF1D5 /* SVGElement.swift in Sources */ = {isa = PBXBuildFile; fileRef = 268D175325AECA87000FF1D5 /* SVGElement.swift */; };
		268D178825AECA87000FF1D5 /* SVGRootElement.swift in Sources */ = {isa = PBXBuildFile; fileRef = 268D175425AECA87000FF1D5 /* SVGRootElement.swift */; };
		268D178925AECA87000FF1D5 /* SVGEllipse.swift in Sources */ = {isa = PBXBuildFile; fileRef = 268D175525AECA87000FF1D5 /* SVGEllipse.swift */; };
		268D178A25AECA87000FF1D5 /* SVGCircle.swift in Sources */ = {isa = PBXBuildFile; fileRef = 268D175625AECA87000FF1D5 /* SVGCircle.swift */; };
		268D178B25AECA87000FF1D5 /* Print.swift in Sources */ = {isa = PBXBuildFile; fileRef = 268D175825AECA87000FF1D5 /* Print.swift */; };
		268D178C25AECA87000FF1D5 /* Unown.swift in Sources */ = {isa = PBXBuildFile; fileRef = 268D175925AECA87000FF1D5 /* Unown.swift */; };
		268D178D25AECA87000FF1D5 /* DispatchQueue+Extensions.swift in Sources */ = {isa = PBXBuildFile; fileRef = 268D175A25AECA87000FF1D5 /* DispatchQueue+Extensions.swift */; };
		268D178E25AECA87000FF1D5 /* Stack.swift in Sources */ = {isa = PBXBuildFile; fileRef = 268D175B25AECA87000FF1D5 /* Stack.swift */; };
		268D178F25AECA87000FF1D5 /* FloatingPoint+DegreesRadians.swift in Sources */ = {isa = PBXBuildFile; fileRef = 268D175C25AECA87000FF1D5 /* FloatingPoint+DegreesRadians.swift */; };
		268D179025AECA87000FF1D5 /* Dictionary+Add.swift in Sources */ = {isa = PBXBuildFile; fileRef = 268D175D25AECA87000FF1D5 /* Dictionary+Add.swift */; };
		268D179125AECA87000FF1D5 /* UIColor+Extensions.swift in Sources */ = {isa = PBXBuildFile; fileRef = 268D175E25AECA87000FF1D5 /* UIColor+Extensions.swift */; };
		268D179225AECA87000FF1D5 /* Dictionary+JSON.swift in Sources */ = {isa = PBXBuildFile; fileRef = 268D175F25AECA87000FF1D5 /* Dictionary+JSON.swift */; };
		268D179325AECA87000FF1D5 /* cssColorNames.json in Resources */ = {isa = PBXBuildFile; fileRef = 268D176025AECA87000FF1D5 /* cssColorNames.json */; };
		268D179425AECA87000FF1D5 /* String+Subscript.swift in Sources */ = {isa = PBXBuildFile; fileRef = 268D176125AECA87000FF1D5 /* String+Subscript.swift */; };
		268D179525AECA87000FF1D5 /* CALayer+Sublayers.swift in Sources */ = {isa = PBXBuildFile; fileRef = 268D176225AECA87000FF1D5 /* CALayer+Sublayers.swift */; };
		268D179625AECA87000FF1D5 /* BinaryFloatingPoint+ParseLengthString.swift in Sources */ = {isa = PBXBuildFile; fileRef = 268D176325AECA87000FF1D5 /* BinaryFloatingPoint+ParseLengthString.swift */; };
		268D179725AECA87000FF1D5 /* Data+CacheKey.swift in Sources */ = {isa = PBXBuildFile; fileRef = 268D176425AECA87000FF1D5 /* Data+CacheKey.swift */; };
		268D179825AECA87000FF1D5 /* String+Trim.swift in Sources */ = {isa = PBXBuildFile; fileRef = 268D176525AECA87000FF1D5 /* String+Trim.swift */; };
		268D179925AECA87000FF1D5 /* Scalar+FromByteArray.swift in Sources */ = {isa = PBXBuildFile; fileRef = 268D176625AECA87000FF1D5 /* Scalar+FromByteArray.swift */; };
		268D179A25AECA87000FF1D5 /* PathDLexer.swift in Sources */ = {isa = PBXBuildFile; fileRef = 268D176825AECA87000FF1D5 /* PathDLexer.swift */; };
		268D179B25AECA87000FF1D5 /* PathCommand.swift in Sources */ = {isa = PBXBuildFile; fileRef = 268D176925AECA87000FF1D5 /* PathCommand.swift */; };
		268D179C25AECA87000FF1D5 /* CoordinateLexer.swift in Sources */ = {isa = PBXBuildFile; fileRef = 268D176A25AECA87000FF1D5 /* CoordinateLexer.swift */; };
		268D179D25AECA87000FF1D5 /* SVGLayer.swift in Sources */ = {isa = PBXBuildFile; fileRef = 268D176C25AECA87000FF1D5 /* SVGLayer.swift */; };
		268D179E25AECA87000FF1D5 /* CAShapeLayer+SVG.swift in Sources */ = {isa = PBXBuildFile; fileRef = 268D176D25AECA87000FF1D5 /* CAShapeLayer+SVG.swift */; };
		268D179F25AECA87000FF1D5 /* UIView+SVG.swift in Sources */ = {isa = PBXBuildFile; fileRef = 268D176E25AECA87000FF1D5 /* UIView+SVG.swift */; };
		268D17A025AECA87000FF1D5 /* UIBezierPath+SVG.swift in Sources */ = {isa = PBXBuildFile; fileRef = 268D176F25AECA87000FF1D5 /* UIBezierPath+SVG.swift */; };
		268D17A125AECA87000FF1D5 /* CALayer+SVG.swift in Sources */ = {isa = PBXBuildFile; fileRef = 268D177025AECA87000FF1D5 /* CALayer+SVG.swift */; };
		268D17A225AECA87000FF1D5 /* SVGView.swift in Sources */ = {isa = PBXBuildFile; fileRef = 268D177125AECA87000FF1D5 /* SVGView.swift */; };
		268D17A325AECA87000FF1D5 /* NSBezierPath+CrossPlatform.swift in Sources */ = {isa = PBXBuildFile; fileRef = 268D177225AECA87000FF1D5 /* NSBezierPath+CrossPlatform.swift */; };
		268D17A425AECA87000FF1D5 /* CrossPlatform.swift in Sources */ = {isa = PBXBuildFile; fileRef = 268D177325AECA87000FF1D5 /* CrossPlatform.swift */; };
		268D17C925AECBFA000FF1D5 /* MultipartFormData.swift in Sources */ = {isa = PBXBuildFile; fileRef = 268D17A625AECBFA000FF1D5 /* MultipartFormData.swift */; };
		268D17CA25AECBFA000FF1D5 /* RequestInterceptor.swift in Sources */ = {isa = PBXBuildFile; fileRef = 268D17A725AECBFA000FF1D5 /* RequestInterceptor.swift */; };
		268D17CB25AECBFA000FF1D5 /* NetworkReachabilityManager.swift in Sources */ = {isa = PBXBuildFile; fileRef = 268D17A825AECBFA000FF1D5 /* NetworkReachabilityManager.swift */; };
		268D17CC25AECBFA000FF1D5 /* ParameterEncoder.swift in Sources */ = {isa = PBXBuildFile; fileRef = 268D17A925AECBFA000FF1D5 /* ParameterEncoder.swift */; };
		268D17CD25AECBFA000FF1D5 /* URLSessionConfiguration+Alamofire.swift in Sources */ = {isa = PBXBuildFile; fileRef = 268D17AA25AECBFA000FF1D5 /* URLSessionConfiguration+Alamofire.swift */; };
		268D17CE25AECBFA000FF1D5 /* Session.swift in Sources */ = {isa = PBXBuildFile; fileRef = 268D17AB25AECBFA000FF1D5 /* Session.swift */; };
		268D17CF25AECBFA000FF1D5 /* OperationQueue+Alamofire.swift in Sources */ = {isa = PBXBuildFile; fileRef = 268D17AC25AECBFA000FF1D5 /* OperationQueue+Alamofire.swift */; };
		268D17D025AECBFA000FF1D5 /* CachedResponseHandler.swift in Sources */ = {isa = PBXBuildFile; fileRef = 268D17AD25AECBFA000FF1D5 /* CachedResponseHandler.swift */; };
		268D17D125AECBFA000FF1D5 /* StringEncoding+Alamofire.swift in Sources */ = {isa = PBXBuildFile; fileRef = 268D17AE25AECBFA000FF1D5 /* StringEncoding+Alamofire.swift */; };
		268D17D225AECBFA000FF1D5 /* DispatchQueue+Alamofire.swift in Sources */ = {isa = PBXBuildFile; fileRef = 268D17AF25AECBFA000FF1D5 /* DispatchQueue+Alamofire.swift */; };
		268D17D325AECBFA000FF1D5 /* RetryPolicy.swift in Sources */ = {isa = PBXBuildFile; fileRef = 268D17B025AECBFA000FF1D5 /* RetryPolicy.swift */; };
		268D17D425AECBFA000FF1D5 /* Protected.swift in Sources */ = {isa = PBXBuildFile; fileRef = 268D17B125AECBFA000FF1D5 /* Protected.swift */; };
		268D17D525AECBFA000FF1D5 /* ParameterEncoding.swift in Sources */ = {isa = PBXBuildFile; fileRef = 268D17B225AECBFA000FF1D5 /* ParameterEncoding.swift */; };
		268D17D625AECBFA000FF1D5 /* ServerTrustEvaluation.swift in Sources */ = {isa = PBXBuildFile; fileRef = 268D17B325AECBFA000FF1D5 /* ServerTrustEvaluation.swift */; };
		268D17D725AECBFA000FF1D5 /* AFError.swift in Sources */ = {isa = PBXBuildFile; fileRef = 268D17B425AECBFA000FF1D5 /* AFError.swift */; };
		268D17D825AECBFA000FF1D5 /* RedirectHandler.swift in Sources */ = {isa = PBXBuildFile; fileRef = 268D17B525AECBFA000FF1D5 /* RedirectHandler.swift */; };
		268D17D925AECBFA000FF1D5 /* URLEncodedFormEncoder.swift in Sources */ = {isa = PBXBuildFile; fileRef = 268D17B625AECBFA000FF1D5 /* URLEncodedFormEncoder.swift */; };
		268D17DA25AECBFA000FF1D5 /* AlamofireExtended.swift in Sources */ = {isa = PBXBuildFile; fileRef = 268D17B725AECBFA000FF1D5 /* AlamofireExtended.swift */; };
		268D17DB25AECBFA000FF1D5 /* HTTPMethod.swift in Sources */ = {isa = PBXBuildFile; fileRef = 268D17B825AECBFA000FF1D5 /* HTTPMethod.swift */; };
		268D17DC25AECBFA000FF1D5 /* MultipartUpload.swift in Sources */ = {isa = PBXBuildFile; fileRef = 268D17B925AECBFA000FF1D5 /* MultipartUpload.swift */; };
		268D17DD25AECBFA000FF1D5 /* URLRequest+Alamofire.swift in Sources */ = {isa = PBXBuildFile; fileRef = 268D17BA25AECBFA000FF1D5 /* URLRequest+Alamofire.swift */; };
		268D17DE25AECBFA000FF1D5 /* URLConvertible+URLRequestConvertible.swift in Sources */ = {isa = PBXBuildFile; fileRef = 268D17BB25AECBFA000FF1D5 /* URLConvertible+URLRequestConvertible.swift */; };
		268D17DF25AECBFA000FF1D5 /* RequestTaskMap.swift in Sources */ = {isa = PBXBuildFile; fileRef = 268D17BC25AECBFA000FF1D5 /* RequestTaskMap.swift */; };
		268D17E025AECBFA000FF1D5 /* Validation.swift in Sources */ = {isa = PBXBuildFile; fileRef = 268D17BD25AECBFA000FF1D5 /* Validation.swift */; };
		268D17E125AECBFA000FF1D5 /* Notifications.swift in Sources */ = {isa = PBXBuildFile; fileRef = 268D17BE25AECBFA000FF1D5 /* Notifications.swift */; };
		268D17E225AECBFA000FF1D5 /* AuthenticationInterceptor.swift in Sources */ = {isa = PBXBuildFile; fileRef = 268D17BF25AECBFA000FF1D5 /* AuthenticationInterceptor.swift */; };
		268D17E325AECBFA000FF1D5 /* Response.swift in Sources */ = {isa = PBXBuildFile; fileRef = 268D17C025AECBFA000FF1D5 /* Response.swift */; };
		268D17E425AECBFA000FF1D5 /* Alamofire.swift in Sources */ = {isa = PBXBuildFile; fileRef = 268D17C125AECBFA000FF1D5 /* Alamofire.swift */; };
		268D17E525AECBFA000FF1D5 /* Result+Alamofire.swift in Sources */ = {isa = PBXBuildFile; fileRef = 268D17C225AECBFA000FF1D5 /* Result+Alamofire.swift */; };
		268D17E625AECBFA000FF1D5 /* Request.swift in Sources */ = {isa = PBXBuildFile; fileRef = 268D17C325AECBFA000FF1D5 /* Request.swift */; };
		268D17E725AECBFA000FF1D5 /* HTTPHeaders.swift in Sources */ = {isa = PBXBuildFile; fileRef = 268D17C425AECBFA000FF1D5 /* HTTPHeaders.swift */; };
		268D17E825AECBFA000FF1D5 /* EventMonitor.swift in Sources */ = {isa = PBXBuildFile; fileRef = 268D17C525AECBFA000FF1D5 /* EventMonitor.swift */; };
		268D17E925AECBFA000FF1D5 /* Combine.swift in Sources */ = {isa = PBXBuildFile; fileRef = 268D17C625AECBFA000FF1D5 /* Combine.swift */; };
		268D17EA25AECBFA000FF1D5 /* ResponseSerialization.swift in Sources */ = {isa = PBXBuildFile; fileRef = 268D17C725AECBFA000FF1D5 /* ResponseSerialization.swift */; };
		268D17EB25AECBFA000FF1D5 /* SessionDelegate.swift in Sources */ = {isa = PBXBuildFile; fileRef = 268D17C825AECBFA000FF1D5 /* SessionDelegate.swift */; };
		2694324E25AEA4B8003DC5C3 /* ImageCache.swift in Sources */ = {isa = PBXBuildFile; fileRef = 2694323F25AEA4B8003DC5C3 /* ImageCache.swift */; };
		2694324F25AEA4B8003DC5C3 /* ImageTask.swift in Sources */ = {isa = PBXBuildFile; fileRef = 2694324025AEA4B8003DC5C3 /* ImageTask.swift */; };
		2694325025AEA4B8003DC5C3 /* ImagePipeline.swift in Sources */ = {isa = PBXBuildFile; fileRef = 2694324125AEA4B8003DC5C3 /* ImagePipeline.swift */; };
		2694325125AEA4B8003DC5C3 /* ImageProcessing.swift in Sources */ = {isa = PBXBuildFile; fileRef = 2694324225AEA4B8003DC5C3 /* ImageProcessing.swift */; };
		2694325225AEA4B8003DC5C3 /* ImagePipelineConfiguration.swift in Sources */ = {isa = PBXBuildFile; fileRef = 2694324325AEA4B8003DC5C3 /* ImagePipelineConfiguration.swift */; };
		2694325325AEA4B8003DC5C3 /* ImageEncoding.swift in Sources */ = {isa = PBXBuildFile; fileRef = 2694324425AEA4B8003DC5C3 /* ImageEncoding.swift */; };
		2694325425AEA4B8003DC5C3 /* ImageViewExtensions.swift in Sources */ = {isa = PBXBuildFile; fileRef = 2694324525AEA4B8003DC5C3 /* ImageViewExtensions.swift */; };
		2694325525AEA4B8003DC5C3 /* ImagePreheater.swift in Sources */ = {isa = PBXBuildFile; fileRef = 2694324625AEA4B8003DC5C3 /* ImagePreheater.swift */; };
		2694325625AEA4B8003DC5C3 /* ImageRequest.swift in Sources */ = {isa = PBXBuildFile; fileRef = 2694324725AEA4B8003DC5C3 /* ImageRequest.swift */; };
		2694325725AEA4B8003DC5C3 /* DataCache.swift in Sources */ = {isa = PBXBuildFile; fileRef = 2694324825AEA4B8003DC5C3 /* DataCache.swift */; };
		2694325825AEA4B8003DC5C3 /* ImageDecoding.swift in Sources */ = {isa = PBXBuildFile; fileRef = 2694324925AEA4B8003DC5C3 /* ImageDecoding.swift */; };
		2694325925AEA4B8003DC5C3 /* Deprecated.swift in Sources */ = {isa = PBXBuildFile; fileRef = 2694324A25AEA4B8003DC5C3 /* Deprecated.swift */; };
		2694325A25AEA4B8003DC5C3 /* Internal.swift in Sources */ = {isa = PBXBuildFile; fileRef = 2694324B25AEA4B8003DC5C3 /* Internal.swift */; };
		2694325B25AEA4B8003DC5C3 /* DataLoader.swift in Sources */ = {isa = PBXBuildFile; fileRef = 2694324C25AEA4B8003DC5C3 /* DataLoader.swift */; };
		2694325C25AEA4B8003DC5C3 /* Task.swift in Sources */ = {isa = PBXBuildFile; fileRef = 2694324D25AEA4B8003DC5C3 /* Task.swift */; };
		607FACDB1AFB9204008FA782 /* Main.storyboard in Resources */ = {isa = PBXBuildFile; fileRef = 607FACD91AFB9204008FA782 /* Main.storyboard */; };
		607FACE01AFB9204008FA782 /* LaunchScreen.xib in Resources */ = {isa = PBXBuildFile; fileRef = 607FACDE1AFB9204008FA782 /* LaunchScreen.xib */; };
/* End PBXBuildFile section */

/* Begin PBXCopyFilesBuildPhase section */
		2694321825AE96A2003DC5C3 /* Embed Frameworks */ = {
			isa = PBXCopyFilesBuildPhase;
			buildActionMask = 2147483647;
			dstPath = "";
			dstSubfolderSpec = 10;
			files = (
			);
			name = "Embed Frameworks";
			runOnlyForDeploymentPostprocessing = 0;
		};
/* End PBXCopyFilesBuildPhase section */

/* Begin PBXFileReference section */
		0C3ADAA12087D23C00FFA275 /* progressive.jpeg */ = {isa = PBXFileReference; lastKnownFileType = image.jpeg; path = progressive.jpeg; sourceTree = "<group>"; };
		0C3ADAA22087D23C00FFA275 /* baseline.jpeg */ = {isa = PBXFileReference; lastKnownFileType = image.jpeg; path = baseline.jpeg; sourceTree = "<group>"; };
		0C4388A722AC060F007906A7 /* ImageProcessingDemoViewController.swift */ = {isa = PBXFileReference; lastKnownFileType = sourcecode.swift; path = ImageProcessingDemoViewController.swift; sourceTree = "<group>"; };
		0C4878A922A84E9700CFCFE7 /* ImagePipelineSettingsViewController.swift */ = {isa = PBXFileReference; lastKnownFileType = sourcecode.swift; path = ImagePipelineSettingsViewController.swift; sourceTree = "<group>"; };
		0C4878AB22A84EF900CFCFE7 /* ImagePipelineSettingsViewController.storyboard */ = {isa = PBXFileReference; lastKnownFileType = file.storyboard; path = ImagePipelineSettingsViewController.storyboard; sourceTree = "<group>"; };
		0C880536242EB74B00F8C5B3 /* SwiftSVGDemoViewController.swift */ = {isa = PBXFileReference; lastKnownFileType = sourcecode.swift; path = SwiftSVGDemoViewController.swift; sourceTree = "<group>"; };
		0CB1D1D62372FD4B0041D8D6 /* DFCache.framework */ = {isa = PBXFileReference; lastKnownFileType = wrapper.framework; name = DFCache.framework; path = Carthage/Build/iOS/DFCache.framework; sourceTree = "<group>"; };
		0CB1D1DA2372FD580041D8D6 /* FLAnimatedImage.framework */ = {isa = PBXFileReference; lastKnownFileType = wrapper.framework; name = FLAnimatedImage.framework; path = Carthage/Build/iOS/FLAnimatedImage.framework; sourceTree = "<group>"; };
		0CBBB09A20A8116C007474D2 /* AnimatedImageUsingVideoViewController.swift */ = {isa = PBXFileReference; lastKnownFileType = sourcecode.swift; path = AnimatedImageUsingVideoViewController.swift; sourceTree = "<group>"; };
		0CCC1882209EDAF9003D7172 /* Images.xcassets */ = {isa = PBXFileReference; lastKnownFileType = folder.assetcatalog; path = Images.xcassets; sourceTree = "<group>"; };
		0CCC1884209EDC01003D7172 /* Info.plist */ = {isa = PBXFileReference; lastKnownFileType = text.plist.xml; path = Info.plist; sourceTree = "<group>"; };
		0CCC1887209EDCCF003D7172 /* BasicDemoViewController.swift */ = {isa = PBXFileReference; fileEncoding = 4; lastKnownFileType = sourcecode.swift; path = BasicDemoViewController.swift; sourceTree = "<group>"; };
		0CCC1889209EDCCF003D7172 /* RateLimiterDemoViewController.swift */ = {isa = PBXFileReference; fileEncoding = 4; lastKnownFileType = sourcecode.swift; path = RateLimiterDemoViewController.swift; sourceTree = "<group>"; };
		0CCC188B209EDCCF003D7172 /* DataCachingDemoViewController.swift */ = {isa = PBXFileReference; fileEncoding = 4; lastKnownFileType = sourcecode.swift; path = DataCachingDemoViewController.swift; sourceTree = "<group>"; };
		0CCC188D209EDCCF003D7172 /* AppDelegate.swift */ = {isa = PBXFileReference; fileEncoding = 4; lastKnownFileType = sourcecode.swift; path = AppDelegate.swift; sourceTree = "<group>"; };
		0CCC188F209EDCCF003D7172 /* Utilities.swift */ = {isa = PBXFileReference; fileEncoding = 4; lastKnownFileType = sourcecode.swift; path = Utilities.swift; sourceTree = "<group>"; };
		0CCC1892209EDCCF003D7172 /* MenuViewController.swift */ = {isa = PBXFileReference; fileEncoding = 4; lastKnownFileType = sourcecode.swift; path = MenuViewController.swift; sourceTree = "<group>"; };
		0CCC1893209EDCCF003D7172 /* ProgressiveDecodingDemoViewController.swift */ = {isa = PBXFileReference; fileEncoding = 4; lastKnownFileType = sourcecode.swift; path = ProgressiveDecodingDemoViewController.swift; sourceTree = "<group>"; };
		0CCC18A2209EE0A6003D7172 /* AnimatedImageViewController.swift */ = {isa = PBXFileReference; lastKnownFileType = sourcecode.swift; path = AnimatedImageViewController.swift; sourceTree = "<group>"; };
		0CCC18A7209EE341003D7172 /* AlamofireIntegrationDemoViewController.swift */ = {isa = PBXFileReference; lastKnownFileType = sourcecode.swift; path = AlamofireIntegrationDemoViewController.swift; sourceTree = "<group>"; };
		0CD878962431108200DE301A /* Images.swift */ = {isa = PBXFileReference; lastKnownFileType = sourcecode.swift; path = Images.swift; sourceTree = "<group>"; };
		0CE5F686215688590046609F /* PrefetchingDemoViewController.swift */ = {isa = PBXFileReference; lastKnownFileType = sourcecode.swift; path = PrefetchingDemoViewController.swift; sourceTree = "<group>"; };
		268D172425AECA65000FF1D5 /* FrameStore.swift */ = {isa = PBXFileReference; fileEncoding = 4; lastKnownFileType = sourcecode.swift; path = FrameStore.swift; sourceTree = "<group>"; };
		268D172525AECA65000FF1D5 /* GIFAnimatable.swift */ = {isa = PBXFileReference; fileEncoding = 4; lastKnownFileType = sourcecode.swift; path = GIFAnimatable.swift; sourceTree = "<group>"; };
		268D172625AECA65000FF1D5 /* AnimatedFrame.swift */ = {isa = PBXFileReference; fileEncoding = 4; lastKnownFileType = sourcecode.swift; path = AnimatedFrame.swift; sourceTree = "<group>"; };
		268D172725AECA65000FF1D5 /* Animator.swift */ = {isa = PBXFileReference; fileEncoding = 4; lastKnownFileType = sourcecode.swift; path = Animator.swift; sourceTree = "<group>"; };
		268D172825AECA65000FF1D5 /* GIFImageView.swift */ = {isa = PBXFileReference; fileEncoding = 4; lastKnownFileType = sourcecode.swift; path = GIFImageView.swift; sourceTree = "<group>"; };
		268D172A25AECA65000FF1D5 /* Array.swift */ = {isa = PBXFileReference; fileEncoding = 4; lastKnownFileType = sourcecode.swift; path = Array.swift; sourceTree = "<group>"; };
		268D172B25AECA65000FF1D5 /* CGSize.swift */ = {isa = PBXFileReference; fileEncoding = 4; lastKnownFileType = sourcecode.swift; path = CGSize.swift; sourceTree = "<group>"; };
		268D172C25AECA65000FF1D5 /* UIImage.swift */ = {isa = PBXFileReference; fileEncoding = 4; lastKnownFileType = sourcecode.swift; path = UIImage.swift; sourceTree = "<group>"; };
		268D172D25AECA65000FF1D5 /* UIImageView.swift */ = {isa = PBXFileReference; fileEncoding = 4; lastKnownFileType = sourcecode.swift; path = UIImageView.swift; sourceTree = "<group>"; };
		268D172F25AECA65000FF1D5 /* ImageSourceHelpers.swift */ = {isa = PBXFileReference; fileEncoding = 4; lastKnownFileType = sourcecode.swift; path = ImageSourceHelpers.swift; sourceTree = "<group>"; };
		268D173D25AECA87000FF1D5 /* SVGCache.swift */ = {isa = PBXFileReference; fileEncoding = 4; lastKnownFileType = sourcecode.swift; path = SVGCache.swift; sourceTree = "<group>"; };
		268D173F25AECA87000FF1D5 /* SVGParserSupportedElements.swift */ = {isa = PBXFileReference; fileEncoding = 4; lastKnownFileType = sourcecode.swift; path = SVGParserSupportedElements.swift; sourceTree = "<group>"; };
		268D174025AECA87000FF1D5 /* NSXMLSVGParser.swift */ = {isa = PBXFileReference; fileEncoding = 4; lastKnownFileType = sourcecode.swift; path = NSXMLSVGParser.swift; sourceTree = "<group>"; };
		268D174125AECA87000FF1D5 /* SVGParser.swift */ = {isa = PBXFileReference; fileEncoding = 4; lastKnownFileType = sourcecode.swift; path = SVGParser.swift; sourceTree = "<group>"; };
		268D174325AECA87000FF1D5 /* Fillable.swift */ = {isa = PBXFileReference; fileEncoding = 4; lastKnownFileType = sourcecode.swift; path = Fillable.swift; sourceTree = "<group>"; };
		268D174425AECA87000FF1D5 /* Transformable.swift */ = {isa = PBXFileReference; fileEncoding = 4; lastKnownFileType = sourcecode.swift; path = Transformable.swift; sourceTree = "<group>"; };
		268D174525AECA87000FF1D5 /* Strokable.swift */ = {isa = PBXFileReference; fileEncoding = 4; lastKnownFileType = sourcecode.swift; path = Strokable.swift; sourceTree = "<group>"; };
		268D174625AECA87000FF1D5 /* Stylable.swift */ = {isa = PBXFileReference; fileEncoding = 4; lastKnownFileType = sourcecode.swift; path = Stylable.swift; sourceTree = "<group>"; };
		268D174725AECA87000FF1D5 /* DelaysApplyingAttributes.swift */ = {isa = PBXFileReference; fileEncoding = 4; lastKnownFileType = sourcecode.swift; path = DelaysApplyingAttributes.swift; sourceTree = "<group>"; };
		268D174825AECA87000FF1D5 /* Identifiable.swift */ = {isa = PBXFileReference; fileEncoding = 4; lastKnownFileType = sourcecode.swift; path = Identifiable.swift; sourceTree = "<group>"; };
		268D174A25AECA87000FF1D5 /* ParsesAsynchronously.swift */ = {isa = PBXFileReference; fileEncoding = 4; lastKnownFileType = sourcecode.swift; path = ParsesAsynchronously.swift; sourceTree = "<group>"; };
		268D174B25AECA87000FF1D5 /* SVGPolygon.swift */ = {isa = PBXFileReference; fileEncoding = 4; lastKnownFileType = sourcecode.swift; path = SVGPolygon.swift; sourceTree = "<group>"; };
		268D174C25AECA87000FF1D5 /* SVGShapeElement.swift */ = {isa = PBXFileReference; fileEncoding = 4; lastKnownFileType = sourcecode.swift; path = SVGShapeElement.swift; sourceTree = "<group>"; };
		268D174D25AECA87000FF1D5 /* SVGLine.swift */ = {isa = PBXFileReference; fileEncoding = 4; lastKnownFileType = sourcecode.swift; path = SVGLine.swift; sourceTree = "<group>"; };
		268D174E25AECA87000FF1D5 /* SVGPath.swift */ = {isa = PBXFileReference; fileEncoding = 4; lastKnownFileType = sourcecode.swift; path = SVGPath.swift; sourceTree = "<group>"; };
		268D174F25AECA87000FF1D5 /* SVGGroup.swift */ = {isa = PBXFileReference; fileEncoding = 4; lastKnownFileType = sourcecode.swift; path = SVGGroup.swift; sourceTree = "<group>"; };
		268D175025AECA87000FF1D5 /* SVGContainerElement.swift */ = {isa = PBXFileReference; fileEncoding = 4; lastKnownFileType = sourcecode.swift; path = SVGContainerElement.swift; sourceTree = "<group>"; };
		268D175125AECA87000FF1D5 /* SVGRectangle.swift */ = {isa = PBXFileReference; fileEncoding = 4; lastKnownFileType = sourcecode.swift; path = SVGRectangle.swift; sourceTree = "<group>"; };
		268D175225AECA87000FF1D5 /* SVGPolyline.swift */ = {isa = PBXFileReference; fileEncoding = 4; lastKnownFileType = sourcecode.swift; path = SVGPolyline.swift; sourceTree = "<group>"; };
		268D175325AECA87000FF1D5 /* SVGElement.swift */ = {isa = PBXFileReference; fileEncoding = 4; lastKnownFileType = sourcecode.swift; path = SVGElement.swift; sourceTree = "<group>"; };
		268D175425AECA87000FF1D5 /* SVGRootElement.swift */ = {isa = PBXFileReference; fileEncoding = 4; lastKnownFileType = sourcecode.swift; path = SVGRootElement.swift; sourceTree = "<group>"; };
		268D175525AECA87000FF1D5 /* SVGEllipse.swift */ = {isa = PBXFileReference; fileEncoding = 4; lastKnownFileType = sourcecode.swift; path = SVGEllipse.swift; sourceTree = "<group>"; };
		268D175625AECA87000FF1D5 /* SVGCircle.swift */ = {isa = PBXFileReference; fileEncoding = 4; lastKnownFileType = sourcecode.swift; path = SVGCircle.swift; sourceTree = "<group>"; };
		268D175825AECA87000FF1D5 /* Print.swift */ = {isa = PBXFileReference; fileEncoding = 4; lastKnownFileType = sourcecode.swift; path = Print.swift; sourceTree = "<group>"; };
		268D175925AECA87000FF1D5 /* Unown.swift */ = {isa = PBXFileReference; fileEncoding = 4; lastKnownFileType = sourcecode.swift; path = Unown.swift; sourceTree = "<group>"; };
		268D175A25AECA87000FF1D5 /* DispatchQueue+Extensions.swift */ = {isa = PBXFileReference; fileEncoding = 4; lastKnownFileType = sourcecode.swift; path = "DispatchQueue+Extensions.swift"; sourceTree = "<group>"; };
		268D175B25AECA87000FF1D5 /* Stack.swift */ = {isa = PBXFileReference; fileEncoding = 4; lastKnownFileType = sourcecode.swift; path = Stack.swift; sourceTree = "<group>"; };
		268D175C25AECA87000FF1D5 /* FloatingPoint+DegreesRadians.swift */ = {isa = PBXFileReference; fileEncoding = 4; lastKnownFileType = sourcecode.swift; path = "FloatingPoint+DegreesRadians.swift"; sourceTree = "<group>"; };
		268D175D25AECA87000FF1D5 /* Dictionary+Add.swift */ = {isa = PBXFileReference; fileEncoding = 4; lastKnownFileType = sourcecode.swift; path = "Dictionary+Add.swift"; sourceTree = "<group>"; };
		268D175E25AECA87000FF1D5 /* UIColor+Extensions.swift */ = {isa = PBXFileReference; fileEncoding = 4; lastKnownFileType = sourcecode.swift; path = "UIColor+Extensions.swift"; sourceTree = "<group>"; };
		268D175F25AECA87000FF1D5 /* Dictionary+JSON.swift */ = {isa = PBXFileReference; fileEncoding = 4; lastKnownFileType = sourcecode.swift; path = "Dictionary+JSON.swift"; sourceTree = "<group>"; };
		268D176025AECA87000FF1D5 /* cssColorNames.json */ = {isa = PBXFileReference; fileEncoding = 4; lastKnownFileType = text.json; path = cssColorNames.json; sourceTree = "<group>"; };
		268D176125AECA87000FF1D5 /* String+Subscript.swift */ = {isa = PBXFileReference; fileEncoding = 4; lastKnownFileType = sourcecode.swift; path = "String+Subscript.swift"; sourceTree = "<group>"; };
		268D176225AECA87000FF1D5 /* CALayer+Sublayers.swift */ = {isa = PBXFileReference; fileEncoding = 4; lastKnownFileType = sourcecode.swift; path = "CALayer+Sublayers.swift"; sourceTree = "<group>"; };
		268D176325AECA87000FF1D5 /* BinaryFloatingPoint+ParseLengthString.swift */ = {isa = PBXFileReference; fileEncoding = 4; lastKnownFileType = sourcecode.swift; path = "BinaryFloatingPoint+ParseLengthString.swift"; sourceTree = "<group>"; };
		268D176425AECA87000FF1D5 /* Data+CacheKey.swift */ = {isa = PBXFileReference; fileEncoding = 4; lastKnownFileType = sourcecode.swift; path = "Data+CacheKey.swift"; sourceTree = "<group>"; };
		268D176525AECA87000FF1D5 /* String+Trim.swift */ = {isa = PBXFileReference; fileEncoding = 4; lastKnownFileType = sourcecode.swift; path = "String+Trim.swift"; sourceTree = "<group>"; };
		268D176625AECA87000FF1D5 /* Scalar+FromByteArray.swift */ = {isa = PBXFileReference; fileEncoding = 4; lastKnownFileType = sourcecode.swift; path = "Scalar+FromByteArray.swift"; sourceTree = "<group>"; };
		268D176825AECA87000FF1D5 /* PathDLexer.swift */ = {isa = PBXFileReference; fileEncoding = 4; lastKnownFileType = sourcecode.swift; path = PathDLexer.swift; sourceTree = "<group>"; };
		268D176925AECA87000FF1D5 /* PathCommand.swift */ = {isa = PBXFileReference; fileEncoding = 4; lastKnownFileType = sourcecode.swift; path = PathCommand.swift; sourceTree = "<group>"; };
		268D176A25AECA87000FF1D5 /* CoordinateLexer.swift */ = {isa = PBXFileReference; fileEncoding = 4; lastKnownFileType = sourcecode.swift; path = CoordinateLexer.swift; sourceTree = "<group>"; };
		268D176C25AECA87000FF1D5 /* SVGLayer.swift */ = {isa = PBXFileReference; fileEncoding = 4; lastKnownFileType = sourcecode.swift; path = SVGLayer.swift; sourceTree = "<group>"; };
		268D176D25AECA87000FF1D5 /* CAShapeLayer+SVG.swift */ = {isa = PBXFileReference; fileEncoding = 4; lastKnownFileType = sourcecode.swift; path = "CAShapeLayer+SVG.swift"; sourceTree = "<group>"; };
		268D176E25AECA87000FF1D5 /* UIView+SVG.swift */ = {isa = PBXFileReference; fileEncoding = 4; lastKnownFileType = sourcecode.swift; path = "UIView+SVG.swift"; sourceTree = "<group>"; };
		268D176F25AECA87000FF1D5 /* UIBezierPath+SVG.swift */ = {isa = PBXFileReference; fileEncoding = 4; lastKnownFileType = sourcecode.swift; path = "UIBezierPath+SVG.swift"; sourceTree = "<group>"; };
		268D177025AECA87000FF1D5 /* CALayer+SVG.swift */ = {isa = PBXFileReference; fileEncoding = 4; lastKnownFileType = sourcecode.swift; path = "CALayer+SVG.swift"; sourceTree = "<group>"; };
		268D177125AECA87000FF1D5 /* SVGView.swift */ = {isa = PBXFileReference; fileEncoding = 4; lastKnownFileType = sourcecode.swift; path = SVGView.swift; sourceTree = "<group>"; };
		268D177225AECA87000FF1D5 /* NSBezierPath+CrossPlatform.swift */ = {isa = PBXFileReference; fileEncoding = 4; lastKnownFileType = sourcecode.swift; path = "NSBezierPath+CrossPlatform.swift"; sourceTree = "<group>"; };
		268D177325AECA87000FF1D5 /* CrossPlatform.swift */ = {isa = PBXFileReference; fileEncoding = 4; lastKnownFileType = sourcecode.swift; path = CrossPlatform.swift; sourceTree = "<group>"; };
		268D17A625AECBFA000FF1D5 /* MultipartFormData.swift */ = {isa = PBXFileReference; fileEncoding = 4; lastKnownFileType = sourcecode.swift; path = MultipartFormData.swift; sourceTree = "<group>"; };
		268D17A725AECBFA000FF1D5 /* RequestInterceptor.swift */ = {isa = PBXFileReference; fileEncoding = 4; lastKnownFileType = sourcecode.swift; path = RequestInterceptor.swift; sourceTree = "<group>"; };
		268D17A825AECBFA000FF1D5 /* NetworkReachabilityManager.swift */ = {isa = PBXFileReference; fileEncoding = 4; lastKnownFileType = sourcecode.swift; path = NetworkReachabilityManager.swift; sourceTree = "<group>"; };
		268D17A925AECBFA000FF1D5 /* ParameterEncoder.swift */ = {isa = PBXFileReference; fileEncoding = 4; lastKnownFileType = sourcecode.swift; path = ParameterEncoder.swift; sourceTree = "<group>"; };
		268D17AA25AECBFA000FF1D5 /* URLSessionConfiguration+Alamofire.swift */ = {isa = PBXFileReference; fileEncoding = 4; lastKnownFileType = sourcecode.swift; path = "URLSessionConfiguration+Alamofire.swift"; sourceTree = "<group>"; };
		268D17AB25AECBFA000FF1D5 /* Session.swift */ = {isa = PBXFileReference; fileEncoding = 4; lastKnownFileType = sourcecode.swift; path = Session.swift; sourceTree = "<group>"; };
		268D17AC25AECBFA000FF1D5 /* OperationQueue+Alamofire.swift */ = {isa = PBXFileReference; fileEncoding = 4; lastKnownFileType = sourcecode.swift; path = "OperationQueue+Alamofire.swift"; sourceTree = "<group>"; };
		268D17AD25AECBFA000FF1D5 /* CachedResponseHandler.swift */ = {isa = PBXFileReference; fileEncoding = 4; lastKnownFileType = sourcecode.swift; path = CachedResponseHandler.swift; sourceTree = "<group>"; };
		268D17AE25AECBFA000FF1D5 /* StringEncoding+Alamofire.swift */ = {isa = PBXFileReference; fileEncoding = 4; lastKnownFileType = sourcecode.swift; path = "StringEncoding+Alamofire.swift"; sourceTree = "<group>"; };
		268D17AF25AECBFA000FF1D5 /* DispatchQueue+Alamofire.swift */ = {isa = PBXFileReference; fileEncoding = 4; lastKnownFileType = sourcecode.swift; path = "DispatchQueue+Alamofire.swift"; sourceTree = "<group>"; };
		268D17B025AECBFA000FF1D5 /* RetryPolicy.swift */ = {isa = PBXFileReference; fileEncoding = 4; lastKnownFileType = sourcecode.swift; path = RetryPolicy.swift; sourceTree = "<group>"; };
		268D17B125AECBFA000FF1D5 /* Protected.swift */ = {isa = PBXFileReference; fileEncoding = 4; lastKnownFileType = sourcecode.swift; path = Protected.swift; sourceTree = "<group>"; };
		268D17B225AECBFA000FF1D5 /* ParameterEncoding.swift */ = {isa = PBXFileReference; fileEncoding = 4; lastKnownFileType = sourcecode.swift; path = ParameterEncoding.swift; sourceTree = "<group>"; };
		268D17B325AECBFA000FF1D5 /* ServerTrustEvaluation.swift */ = {isa = PBXFileReference; fileEncoding = 4; lastKnownFileType = sourcecode.swift; path = ServerTrustEvaluation.swift; sourceTree = "<group>"; };
		268D17B425AECBFA000FF1D5 /* AFError.swift */ = {isa = PBXFileReference; fileEncoding = 4; lastKnownFileType = sourcecode.swift; path = AFError.swift; sourceTree = "<group>"; };
		268D17B525AECBFA000FF1D5 /* RedirectHandler.swift */ = {isa = PBXFileReference; fileEncoding = 4; lastKnownFileType = sourcecode.swift; path = RedirectHandler.swift; sourceTree = "<group>"; };
		268D17B625AECBFA000FF1D5 /* URLEncodedFormEncoder.swift */ = {isa = PBXFileReference; fileEncoding = 4; lastKnownFileType = sourcecode.swift; path = URLEncodedFormEncoder.swift; sourceTree = "<group>"; };
		268D17B725AECBFA000FF1D5 /* AlamofireExtended.swift */ = {isa = PBXFileReference; fileEncoding = 4; lastKnownFileType = sourcecode.swift; path = AlamofireExtended.swift; sourceTree = "<group>"; };
		268D17B825AECBFA000FF1D5 /* HTTPMethod.swift */ = {isa = PBXFileReference; fileEncoding = 4; lastKnownFileType = sourcecode.swift; path = HTTPMethod.swift; sourceTree = "<group>"; };
		268D17B925AECBFA000FF1D5 /* MultipartUpload.swift */ = {isa = PBXFileReference; fileEncoding = 4; lastKnownFileType = sourcecode.swift; path = MultipartUpload.swift; sourceTree = "<group>"; };
		268D17BA25AECBFA000FF1D5 /* URLRequest+Alamofire.swift */ = {isa = PBXFileReference; fileEncoding = 4; lastKnownFileType = sourcecode.swift; path = "URLRequest+Alamofire.swift"; sourceTree = "<group>"; };
		268D17BB25AECBFA000FF1D5 /* URLConvertible+URLRequestConvertible.swift */ = {isa = PBXFileReference; fileEncoding = 4; lastKnownFileType = sourcecode.swift; path = "URLConvertible+URLRequestConvertible.swift"; sourceTree = "<group>"; };
		268D17BC25AECBFA000FF1D5 /* RequestTaskMap.swift */ = {isa = PBXFileReference; fileEncoding = 4; lastKnownFileType = sourcecode.swift; path = RequestTaskMap.swift; sourceTree = "<group>"; };
		268D17BD25AECBFA000FF1D5 /* Validation.swift */ = {isa = PBXFileReference; fileEncoding = 4; lastKnownFileType = sourcecode.swift; path = Validation.swift; sourceTree = "<group>"; };
		268D17BE25AECBFA000FF1D5 /* Notifications.swift */ = {isa = PBXFileReference; fileEncoding = 4; lastKnownFileType = sourcecode.swift; path = Notifications.swift; sourceTree = "<group>"; };
		268D17BF25AECBFA000FF1D5 /* AuthenticationInterceptor.swift */ = {isa = PBXFileReference; fileEncoding = 4; lastKnownFileType = sourcecode.swift; path = AuthenticationInterceptor.swift; sourceTree = "<group>"; };
		268D17C025AECBFA000FF1D5 /* Response.swift */ = {isa = PBXFileReference; fileEncoding = 4; lastKnownFileType = sourcecode.swift; path = Response.swift; sourceTree = "<group>"; };
		268D17C125AECBFA000FF1D5 /* Alamofire.swift */ = {isa = PBXFileReference; fileEncoding = 4; lastKnownFileType = sourcecode.swift; path = Alamofire.swift; sourceTree = "<group>"; };
		268D17C225AECBFA000FF1D5 /* Result+Alamofire.swift */ = {isa = PBXFileReference; fileEncoding = 4; lastKnownFileType = sourcecode.swift; path = "Result+Alamofire.swift"; sourceTree = "<group>"; };
		268D17C325AECBFA000FF1D5 /* Request.swift */ = {isa = PBXFileReference; fileEncoding = 4; lastKnownFileType = sourcecode.swift; path = Request.swift; sourceTree = "<group>"; };
		268D17C425AECBFA000FF1D5 /* HTTPHeaders.swift */ = {isa = PBXFileReference; fileEncoding = 4; lastKnownFileType = sourcecode.swift; path = HTTPHeaders.swift; sourceTree = "<group>"; };
		268D17C525AECBFA000FF1D5 /* EventMonitor.swift */ = {isa = PBXFileReference; fileEncoding = 4; lastKnownFileType = sourcecode.swift; path = EventMonitor.swift; sourceTree = "<group>"; };
		268D17C625AECBFA000FF1D5 /* Combine.swift */ = {isa = PBXFileReference; fileEncoding = 4; lastKnownFileType = sourcecode.swift; path = Combine.swift; sourceTree = "<group>"; };
		268D17C725AECBFA000FF1D5 /* ResponseSerialization.swift */ = {isa = PBXFileReference; fileEncoding = 4; lastKnownFileType = sourcecode.swift; path = ResponseSerialization.swift; sourceTree = "<group>"; };
		268D17C825AECBFA000FF1D5 /* SessionDelegate.swift */ = {isa = PBXFileReference; fileEncoding = 4; lastKnownFileType = sourcecode.swift; path = SessionDelegate.swift; sourceTree = "<group>"; };
		2694323F25AEA4B8003DC5C3 /* ImageCache.swift */ = {isa = PBXFileReference; fileEncoding = 4; lastKnownFileType = sourcecode.swift; path = ImageCache.swift; sourceTree = "<group>"; };
		2694324025AEA4B8003DC5C3 /* ImageTask.swift */ = {isa = PBXFileReference; fileEncoding = 4; lastKnownFileType = sourcecode.swift; path = ImageTask.swift; sourceTree = "<group>"; };
		2694324125AEA4B8003DC5C3 /* ImagePipeline.swift */ = {isa = PBXFileReference; fileEncoding = 4; lastKnownFileType = sourcecode.swift; path = ImagePipeline.swift; sourceTree = "<group>"; };
		2694324225AEA4B8003DC5C3 /* ImageProcessing.swift */ = {isa = PBXFileReference; fileEncoding = 4; lastKnownFileType = sourcecode.swift; path = ImageProcessing.swift; sourceTree = "<group>"; };
		2694324325AEA4B8003DC5C3 /* ImagePipelineConfiguration.swift */ = {isa = PBXFileReference; fileEncoding = 4; lastKnownFileType = sourcecode.swift; path = ImagePipelineConfiguration.swift; sourceTree = "<group>"; };
		2694324425AEA4B8003DC5C3 /* ImageEncoding.swift */ = {isa = PBXFileReference; fileEncoding = 4; lastKnownFileType = sourcecode.swift; path = ImageEncoding.swift; sourceTree = "<group>"; };
		2694324525AEA4B8003DC5C3 /* ImageViewExtensions.swift */ = {isa = PBXFileReference; fileEncoding = 4; lastKnownFileType = sourcecode.swift; path = ImageViewExtensions.swift; sourceTree = "<group>"; };
		2694324625AEA4B8003DC5C3 /* ImagePreheater.swift */ = {isa = PBXFileReference; fileEncoding = 4; lastKnownFileType = sourcecode.swift; path = ImagePreheater.swift; sourceTree = "<group>"; };
		2694324725AEA4B8003DC5C3 /* ImageRequest.swift */ = {isa = PBXFileReference; fileEncoding = 4; lastKnownFileType = sourcecode.swift; path = ImageRequest.swift; sourceTree = "<group>"; };
		2694324825AEA4B8003DC5C3 /* DataCache.swift */ = {isa = PBXFileReference; fileEncoding = 4; lastKnownFileType = sourcecode.swift; path = DataCache.swift; sourceTree = "<group>"; };
		2694324925AEA4B8003DC5C3 /* ImageDecoding.swift */ = {isa = PBXFileReference; fileEncoding = 4; lastKnownFileType = sourcecode.swift; path = ImageDecoding.swift; sourceTree = "<group>"; };
		2694324A25AEA4B8003DC5C3 /* Deprecated.swift */ = {isa = PBXFileReference; fileEncoding = 4; lastKnownFileType = sourcecode.swift; path = Deprecated.swift; sourceTree = "<group>"; };
		2694324B25AEA4B8003DC5C3 /* Internal.swift */ = {isa = PBXFileReference; fileEncoding = 4; lastKnownFileType = sourcecode.swift; path = Internal.swift; sourceTree = "<group>"; };
		2694324C25AEA4B8003DC5C3 /* DataLoader.swift */ = {isa = PBXFileReference; fileEncoding = 4; lastKnownFileType = sourcecode.swift; path = DataLoader.swift; sourceTree = "<group>"; };
		2694324D25AEA4B8003DC5C3 /* Task.swift */ = {isa = PBXFileReference; fileEncoding = 4; lastKnownFileType = sourcecode.swift; path = Task.swift; sourceTree = "<group>"; };
		607FACD01AFB9204008FA782 /* NukeDemo_Example.app */ = {isa = PBXFileReference; explicitFileType = wrapper.application; includeInIndex = 0; path = NukeDemo_Example.app; sourceTree = BUILT_PRODUCTS_DIR; };
		607FACDA1AFB9204008FA782 /* Base */ = {isa = PBXFileReference; lastKnownFileType = file.storyboard; name = Base; path = Base.lproj/Main.storyboard; sourceTree = "<group>"; };
		607FACDF1AFB9204008FA782 /* Base */ = {isa = PBXFileReference; lastKnownFileType = file.xib; name = Base; path = Base.lproj/LaunchScreen.xib; sourceTree = "<group>"; };
/* End PBXFileReference section */

/* Begin PBXFrameworksBuildPhase section */
		607FACCD1AFB9204008FA782 /* Frameworks */ = {
			isa = PBXFrameworksBuildPhase;
			buildActionMask = 2147483647;
			files = (
			);
			runOnlyForDeploymentPostprocessing = 0;
		};
/* End PBXFrameworksBuildPhase section */

/* Begin PBXGroup section */
		0C3ADAA02087D23C00FFA275 /* Resources */ = {
			isa = PBXGroup;
			children = (
				0CCC1885209EDC40003D7172 /* IB */,
				0CCC1884209EDC01003D7172 /* Info.plist */,
				0CCC1882209EDAF9003D7172 /* Images.xcassets */,
				0C3ADAA12087D23C00FFA275 /* progressive.jpeg */,
				0C3ADAA22087D23C00FFA275 /* baseline.jpeg */,
			);
			path = Resources;
			sourceTree = SOURCE_ROOT;
		};
		0CCC1885209EDC40003D7172 /* IB */ = {
			isa = PBXGroup;
			children = (
				607FACD91AFB9204008FA782 /* Main.storyboard */,
				607FACDE1AFB9204008FA782 /* LaunchScreen.xib */,
			);
			path = IB;
			sourceTree = "<group>";
		};
		0CCC1886209EDCCF003D7172 /* Sources */ = {
			isa = PBXGroup;
			children = (
				268D17A525AECBFA000FF1D5 /* Alamofire */,
				268D173A25AECA87000FF1D5 /* SwiftSVG */,
				268D172225AECA65000FF1D5 /* Gifu */,
				2694323E25AEA4B8003DC5C3 /* nuke */,
				0CCC188D209EDCCF003D7172 /* AppDelegate.swift */,
				0CCC1892209EDCCF003D7172 /* MenuViewController.swift */,
				0CCC1887209EDCCF003D7172 /* BasicDemoViewController.swift */,
				0C4388A722AC060F007906A7 /* ImageProcessingDemoViewController.swift */,
				0CCC18A2209EE0A6003D7172 /* AnimatedImageViewController.swift */,
				0CBBB09A20A8116C007474D2 /* AnimatedImageUsingVideoViewController.swift */,
				0CCC18A7209EE341003D7172 /* AlamofireIntegrationDemoViewController.swift */,
				0CE5F686215688590046609F /* PrefetchingDemoViewController.swift */,
				0CCC1889209EDCCF003D7172 /* RateLimiterDemoViewController.swift */,
				0CCC188B209EDCCF003D7172 /* DataCachingDemoViewController.swift */,
				0CCC1893209EDCCF003D7172 /* ProgressiveDecodingDemoViewController.swift */,
				0C4878A922A84E9700CFCFE7 /* ImagePipelineSettingsViewController.swift */,
				0C880536242EB74B00F8C5B3 /* SwiftSVGDemoViewController.swift */,
				0C4878AB22A84EF900CFCFE7 /* ImagePipelineSettingsViewController.storyboard */,
				0CCC188E209EDCCF003D7172 /* Helpers */,
			);
			path = Sources;
			sourceTree = "<group>";
		};
		0CCC188E209EDCCF003D7172 /* Helpers */ = {
			isa = PBXGroup;
			children = (
				0CCC188F209EDCCF003D7172 /* Utilities.swift */,
				0CD878962431108200DE301A /* Images.swift */,
			);
			path = Helpers;
			sourceTree = "<group>";
		};
		268D172225AECA65000FF1D5 /* Gifu */ = {
			isa = PBXGroup;
			children = (
				268D172325AECA65000FF1D5 /* Classes */,
				268D172925AECA65000FF1D5 /* Extensions */,
				268D172E25AECA65000FF1D5 /* Helpers */,
			);
			path = Gifu;
			sourceTree = "<group>";
		};
		268D172325AECA65000FF1D5 /* Classes */ = {
			isa = PBXGroup;
			children = (
				268D172425AECA65000FF1D5 /* FrameStore.swift */,
				268D172525AECA65000FF1D5 /* GIFAnimatable.swift */,
				268D172625AECA65000FF1D5 /* AnimatedFrame.swift */,
				268D172725AECA65000FF1D5 /* Animator.swift */,
				268D172825AECA65000FF1D5 /* GIFImageView.swift */,
			);
			path = Classes;
			sourceTree = "<group>";
		};
		268D172925AECA65000FF1D5 /* Extensions */ = {
			isa = PBXGroup;
			children = (
				268D172A25AECA65000FF1D5 /* Array.swift */,
				268D172B25AECA65000FF1D5 /* CGSize.swift */,
				268D172C25AECA65000FF1D5 /* UIImage.swift */,
				268D172D25AECA65000FF1D5 /* UIImageView.swift */,
			);
			path = Extensions;
			sourceTree = "<group>";
		};
		268D172E25AECA65000FF1D5 /* Helpers */ = {
			isa = PBXGroup;
			children = (
				268D172F25AECA65000FF1D5 /* ImageSourceHelpers.swift */,
			);
			path = Helpers;
			sourceTree = "<group>";
		};
		268D173A25AECA87000FF1D5 /* SwiftSVG */ = {
			isa = PBXGroup;
			children = (
				268D173B25AECA87000FF1D5 /* SVG */,
				268D176B25AECA87000FF1D5 /* SVG Extensions */,
				268D177225AECA87000FF1D5 /* NSBezierPath+CrossPlatform.swift */,
				268D177325AECA87000FF1D5 /* CrossPlatform.swift */,
			);
			path = SwiftSVG;
			sourceTree = "<group>";
		};
		268D173B25AECA87000FF1D5 /* SVG */ = {
			isa = PBXGroup;
			children = (
				268D173C25AECA87000FF1D5 /* Cache */,
				268D173E25AECA87000FF1D5 /* Parser */,
				268D174225AECA87000FF1D5 /* Attributes */,
				268D174925AECA87000FF1D5 /* Elements */,
				268D175725AECA87000FF1D5 /* Helpers */,
				268D176725AECA87000FF1D5 /* Iterators */,
			);
			path = SVG;
			sourceTree = "<group>";
		};
		268D173C25AECA87000FF1D5 /* Cache */ = {
			isa = PBXGroup;
			children = (
				268D173D25AECA87000FF1D5 /* SVGCache.swift */,
			);
			path = Cache;
			sourceTree = "<group>";
		};
		268D173E25AECA87000FF1D5 /* Parser */ = {
			isa = PBXGroup;
			children = (
				268D173F25AECA87000FF1D5 /* SVGParserSupportedElements.swift */,
				268D174025AECA87000FF1D5 /* NSXMLSVGParser.swift */,
				268D174125AECA87000FF1D5 /* SVGParser.swift */,
			);
			path = Parser;
			sourceTree = "<group>";
		};
		268D174225AECA87000FF1D5 /* Attributes */ = {
			isa = PBXGroup;
			children = (
				268D174325AECA87000FF1D5 /* Fillable.swift */,
				268D174425AECA87000FF1D5 /* Transformable.swift */,
				268D174525AECA87000FF1D5 /* Strokable.swift */,
				268D174625AECA87000FF1D5 /* Stylable.swift */,
				268D174725AECA87000FF1D5 /* DelaysApplyingAttributes.swift */,
				268D174825AECA87000FF1D5 /* Identifiable.swift */,
			);
			path = Attributes;
			sourceTree = "<group>";
		};
		268D174925AECA87000FF1D5 /* Elements */ = {
			isa = PBXGroup;
			children = (
				268D174A25AECA87000FF1D5 /* ParsesAsynchronously.swift */,
				268D174B25AECA87000FF1D5 /* SVGPolygon.swift */,
				268D174C25AECA87000FF1D5 /* SVGShapeElement.swift */,
				268D174D25AECA87000FF1D5 /* SVGLine.swift */,
				268D174E25AECA87000FF1D5 /* SVGPath.swift */,
				268D174F25AECA87000FF1D5 /* SVGGroup.swift */,
				268D175025AECA87000FF1D5 /* SVGContainerElement.swift */,
				268D175125AECA87000FF1D5 /* SVGRectangle.swift */,
				268D175225AECA87000FF1D5 /* SVGPolyline.swift */,
				268D175325AECA87000FF1D5 /* SVGElement.swift */,
				268D175425AECA87000FF1D5 /* SVGRootElement.swift */,
				268D175525AECA87000FF1D5 /* SVGEllipse.swift */,
				268D175625AECA87000FF1D5 /* SVGCircle.swift */,
			);
			path = Elements;
			sourceTree = "<group>";
		};
		268D175725AECA87000FF1D5 /* Helpers */ = {
			isa = PBXGroup;
			children = (
				268D175825AECA87000FF1D5 /* Print.swift */,
				268D175925AECA87000FF1D5 /* Unown.swift */,
				268D175A25AECA87000FF1D5 /* DispatchQueue+Extensions.swift */,
				268D175B25AECA87000FF1D5 /* Stack.swift */,
				268D175C25AECA87000FF1D5 /* FloatingPoint+DegreesRadians.swift */,
				268D175D25AECA87000FF1D5 /* Dictionary+Add.swift */,
				268D175E25AECA87000FF1D5 /* UIColor+Extensions.swift */,
				268D175F25AECA87000FF1D5 /* Dictionary+JSON.swift */,
				268D176025AECA87000FF1D5 /* cssColorNames.json */,
				268D176125AECA87000FF1D5 /* String+Subscript.swift */,
				268D176225AECA87000FF1D5 /* CALayer+Sublayers.swift */,
				268D176325AECA87000FF1D5 /* BinaryFloatingPoint+ParseLengthString.swift */,
				268D176425AECA87000FF1D5 /* Data+CacheKey.swift */,
				268D176525AECA87000FF1D5 /* String+Trim.swift */,
				268D176625AECA87000FF1D5 /* Scalar+FromByteArray.swift */,
			);
			path = Helpers;
			sourceTree = "<group>";
		};
		268D176725AECA87000FF1D5 /* Iterators */ = {
			isa = PBXGroup;
			children = (
				268D176825AECA87000FF1D5 /* PathDLexer.swift */,
				268D176925AECA87000FF1D5 /* PathCommand.swift */,
				268D176A25AECA87000FF1D5 /* CoordinateLexer.swift */,
			);
			path = Iterators;
			sourceTree = "<group>";
		};
		268D176B25AECA87000FF1D5 /* SVG Extensions */ = {
			isa = PBXGroup;
			children = (
				268D176C25AECA87000FF1D5 /* SVGLayer.swift */,
				268D176D25AECA87000FF1D5 /* CAShapeLayer+SVG.swift */,
				268D176E25AECA87000FF1D5 /* UIView+SVG.swift */,
				268D176F25AECA87000FF1D5 /* UIBezierPath+SVG.swift */,
				268D177025AECA87000FF1D5 /* CALayer+SVG.swift */,
				268D177125AECA87000FF1D5 /* SVGView.swift */,
			);
			path = "SVG Extensions";
			sourceTree = "<group>";
		};
		268D17A525AECBFA000FF1D5 /* Alamofire */ = {
			isa = PBXGroup;
			children = (
				268D17A625AECBFA000FF1D5 /* MultipartFormData.swift */,
				268D17A725AECBFA000FF1D5 /* RequestInterceptor.swift */,
				268D17A825AECBFA000FF1D5 /* NetworkReachabilityManager.swift */,
				268D17A925AECBFA000FF1D5 /* ParameterEncoder.swift */,
				268D17AA25AECBFA000FF1D5 /* URLSessionConfiguration+Alamofire.swift */,
				268D17AB25AECBFA000FF1D5 /* Session.swift */,
				268D17AC25AECBFA000FF1D5 /* OperationQueue+Alamofire.swift */,
				268D17AD25AECBFA000FF1D5 /* CachedResponseHandler.swift */,
				268D17AE25AECBFA000FF1D5 /* StringEncoding+Alamofire.swift */,
				268D17AF25AECBFA000FF1D5 /* DispatchQueue+Alamofire.swift */,
				268D17B025AECBFA000FF1D5 /* RetryPolicy.swift */,
				268D17B125AECBFA000FF1D5 /* Protected.swift */,
				268D17B225AECBFA000FF1D5 /* ParameterEncoding.swift */,
				268D17B325AECBFA000FF1D5 /* ServerTrustEvaluation.swift */,
				268D17B425AECBFA000FF1D5 /* AFError.swift */,
				268D17B525AECBFA000FF1D5 /* RedirectHandler.swift */,
				268D17B625AECBFA000FF1D5 /* URLEncodedFormEncoder.swift */,
				268D17B725AECBFA000FF1D5 /* AlamofireExtended.swift */,
				268D17B825AECBFA000FF1D5 /* HTTPMethod.swift */,
				268D17B925AECBFA000FF1D5 /* MultipartUpload.swift */,
				268D17BA25AECBFA000FF1D5 /* URLRequest+Alamofire.swift */,
				268D17BB25AECBFA000FF1D5 /* URLConvertible+URLRequestConvertible.swift */,
				268D17BC25AECBFA000FF1D5 /* RequestTaskMap.swift */,
				268D17BD25AECBFA000FF1D5 /* Validation.swift */,
				268D17BE25AECBFA000FF1D5 /* Notifications.swift */,
				268D17BF25AECBFA000FF1D5 /* AuthenticationInterceptor.swift */,
				268D17C025AECBFA000FF1D5 /* Response.swift */,
				268D17C125AECBFA000FF1D5 /* Alamofire.swift */,
				268D17C225AECBFA000FF1D5 /* Result+Alamofire.swift */,
				268D17C325AECBFA000FF1D5 /* Request.swift */,
				268D17C425AECBFA000FF1D5 /* HTTPHeaders.swift */,
				268D17C525AECBFA000FF1D5 /* EventMonitor.swift */,
				268D17C625AECBFA000FF1D5 /* Combine.swift */,
				268D17C725AECBFA000FF1D5 /* ResponseSerialization.swift */,
				268D17C825AECBFA000FF1D5 /* SessionDelegate.swift */,
			);
			path = Alamofire;
			sourceTree = "<group>";
		};
		2694323E25AEA4B8003DC5C3 /* nuke */ = {
			isa = PBXGroup;
			children = (
				2694323F25AEA4B8003DC5C3 /* ImageCache.swift */,
				2694324025AEA4B8003DC5C3 /* ImageTask.swift */,
				2694324125AEA4B8003DC5C3 /* ImagePipeline.swift */,
				2694324225AEA4B8003DC5C3 /* ImageProcessing.swift */,
				2694324325AEA4B8003DC5C3 /* ImagePipelineConfiguration.swift */,
				2694324425AEA4B8003DC5C3 /* ImageEncoding.swift */,
				2694324525AEA4B8003DC5C3 /* ImageViewExtensions.swift */,
				2694324625AEA4B8003DC5C3 /* ImagePreheater.swift */,
				2694324725AEA4B8003DC5C3 /* ImageRequest.swift */,
				2694324825AEA4B8003DC5C3 /* DataCache.swift */,
				2694324925AEA4B8003DC5C3 /* ImageDecoding.swift */,
				2694324A25AEA4B8003DC5C3 /* Deprecated.swift */,
				2694324B25AEA4B8003DC5C3 /* Internal.swift */,
				2694324C25AEA4B8003DC5C3 /* DataLoader.swift */,
				2694324D25AEA4B8003DC5C3 /* Task.swift */,
			);
			path = nuke;
			sourceTree = "<group>";
		};
		607FACC71AFB9204008FA782 = {
			isa = PBXGroup;
			children = (
				0CCC1886209EDCCF003D7172 /* Sources */,
				0C3ADAA02087D23C00FFA275 /* Resources */,
				607FACD11AFB9204008FA782 /* Products */,
				B268730C38EF50AF5D1A33EC /* Frameworks */,
			);
			sourceTree = "<group>";
		};
		607FACD11AFB9204008FA782 /* Products */ = {
			isa = PBXGroup;
			children = (
				607FACD01AFB9204008FA782 /* NukeDemo_Example.app */,
			);
			name = Products;
			sourceTree = "<group>";
		};
		B268730C38EF50AF5D1A33EC /* Frameworks */ = {
			isa = PBXGroup;
			children = (
				0CB1D1DA2372FD580041D8D6 /* FLAnimatedImage.framework */,
				0CB1D1D62372FD4B0041D8D6 /* DFCache.framework */,
			);
			name = Frameworks;
			sourceTree = "<group>";
		};
/* End PBXGroup section */

/* Begin PBXNativeTarget section */
		607FACCF1AFB9204008FA782 /* NukeDemo */ = {
			isa = PBXNativeTarget;
			buildConfigurationList = 607FACEF1AFB9204008FA782 /* Build configuration list for PBXNativeTarget "NukeDemo" */;
			buildPhases = (
				607FACCC1AFB9204008FA782 /* Sources */,
				607FACCD1AFB9204008FA782 /* Frameworks */,
				607FACCE1AFB9204008FA782 /* Resources */,
				2694321825AE96A2003DC5C3 /* Embed Frameworks */,
			);
			buildRules = (
			);
			dependencies = (
			);
			name = NukeDemo;
			packageProductDependencies = (
			);
			productName = Nuke;
			productReference = 607FACD01AFB9204008FA782 /* NukeDemo_Example.app */;
			productType = "com.apple.product-type.application";
		};
/* End PBXNativeTarget section */

/* Begin PBXProject section */
		607FACC81AFB9204008FA782 /* Project object */ = {
			isa = PBXProject;
			attributes = {
				LastSwiftUpdateCheck = 0700;
				LastUpgradeCheck = 1220;
				ORGANIZATIONNAME = CocoaPods;
				TargetAttributes = {
					607FACCF1AFB9204008FA782 = {
						CreatedOnToolsVersion = 6.3.1;
						DevelopmentTeam = NR8DLKJ7E6;
						LastSwiftMigration = 1010;
					};
				};
			};
			buildConfigurationList = 607FACCB1AFB9204008FA782 /* Build configuration list for PBXProject "NukeDemo" */;
			compatibilityVersion = "Xcode 10.0";
			developmentRegion = en;
			hasScannedForEncodings = 0;
			knownRegions = (
				en,
				Base,
			);
			mainGroup = 607FACC71AFB9204008FA782;
			packageReferences = (
			);
			productRefGroup = 607FACD11AFB9204008FA782 /* Products */;
			projectDirPath = "";
			projectRoot = "";
			targets = (
				607FACCF1AFB9204008FA782 /* NukeDemo */,
			);
		};
/* End PBXProject section */

/* Begin PBXResourcesBuildPhase section */
		607FACCE1AFB9204008FA782 /* Resources */ = {
			isa = PBXResourcesBuildPhase;
			buildActionMask = 2147483647;
			files = (
				607FACDB1AFB9204008FA782 /* Main.storyboard in Resources */,
				0CCC1883209EDAF9003D7172 /* Images.xcassets in Resources */,
				0C3ADAA32087D23C00FFA275 /* progressive.jpeg in Resources */,
				607FACE01AFB9204008FA782 /* LaunchScreen.xib in Resources */,
				0C3ADAA42087D23C00FFA275 /* baseline.jpeg in Resources */,
				268D179325AECA87000FF1D5 /* cssColorNames.json in Resources */,
				0C4878AC22A84EF900CFCFE7 /* ImagePipelineSettingsViewController.storyboard in Resources */,
			);
			runOnlyForDeploymentPostprocessing = 0;
		};
/* End PBXResourcesBuildPhase section */

/* Begin PBXSourcesBuildPhase section */
		607FACCC1AFB9204008FA782 /* Sources */ = {
			isa = PBXSourcesBuildPhase;
			buildActionMask = 2147483647;
			files = (
				268D173425AECA65000FF1D5 /* GIFImageView.swift in Sources */,
				268D178025AECA87000FF1D5 /* SVGShapeElement.swift in Sources */,
				268D177625AECA87000FF1D5 /* NSXMLSVGParser.swift in Sources */,
				268D177425AECA87000FF1D5 /* SVGCache.swift in Sources */,
				268D177825AECA87000FF1D5 /* Fillable.swift in Sources */,
				2694325225AEA4B8003DC5C3 /* ImagePipelineConfiguration.swift in Sources */,
				268D17E025AECBFA000FF1D5 /* Validation.swift in Sources */,
				268D179E25AECA87000FF1D5 /* CAShapeLayer+SVG.swift in Sources */,
				268D17D925AECBFA000FF1D5 /* URLEncodedFormEncoder.swift in Sources */,
				268D178325AECA87000FF1D5 /* SVGGroup.swift in Sources */,
				268D178F25AECA87000FF1D5 /* FloatingPoint+DegreesRadians.swift in Sources */,
				2694325725AEA4B8003DC5C3 /* DataCache.swift in Sources */,
				268D178525AECA87000FF1D5 /* SVGRectangle.swift in Sources */,
				268D178D25AECA87000FF1D5 /* DispatchQueue+Extensions.swift in Sources */,
				268D179125AECA87000FF1D5 /* UIColor+Extensions.swift in Sources */,
				268D17E625AECBFA000FF1D5 /* Request.swift in Sources */,
				2694325625AEA4B8003DC5C3 /* ImageRequest.swift in Sources */,
				268D17D125AECBFA000FF1D5 /* StringEncoding+Alamofire.swift in Sources */,
				268D17E125AECBFA000FF1D5 /* Notifications.swift in Sources */,
				268D17CC25AECBFA000FF1D5 /* ParameterEncoder.swift in Sources */,
				0CCC18A3209EE0A6003D7172 /* AnimatedImageViewController.swift in Sources */,
				268D177525AECA87000FF1D5 /* SVGParserSupportedElements.swift in Sources */,
				268D178625AECA87000FF1D5 /* SVGPolyline.swift in Sources */,
				268D17DF25AECBFA000FF1D5 /* RequestTaskMap.swift in Sources */,
				268D177B25AECA87000FF1D5 /* Stylable.swift in Sources */,
				268D17D425AECBFA000FF1D5 /* Protected.swift in Sources */,
				268D178825AECA87000FF1D5 /* SVGRootElement.swift in Sources */,
				268D173125AECA65000FF1D5 /* GIFAnimatable.swift in Sources */,
				2694325125AEA4B8003DC5C3 /* ImageProcessing.swift in Sources */,
				268D17DA25AECBFA000FF1D5 /* AlamofireExtended.swift in Sources */,
				268D179A25AECA87000FF1D5 /* PathDLexer.swift in Sources */,
				268D179625AECA87000FF1D5 /* BinaryFloatingPoint+ParseLengthString.swift in Sources */,
				268D17D325AECBFA000FF1D5 /* RetryPolicy.swift in Sources */,
				268D173025AECA65000FF1D5 /* FrameStore.swift in Sources */,
				268D17DD25AECBFA000FF1D5 /* URLRequest+Alamofire.swift in Sources */,
				268D177C25AECA87000FF1D5 /* DelaysApplyingAttributes.swift in Sources */,
				268D173725AECA65000FF1D5 /* UIImage.swift in Sources */,
				268D178425AECA87000FF1D5 /* SVGContainerElement.swift in Sources */,
				268D17CD25AECBFA000FF1D5 /* URLSessionConfiguration+Alamofire.swift in Sources */,
				268D17D825AECBFA000FF1D5 /* RedirectHandler.swift in Sources */,
				268D179D25AECA87000FF1D5 /* SVGLayer.swift in Sources */,
				268D17D625AECBFA000FF1D5 /* ServerTrustEvaluation.swift in Sources */,
				268D17DB25AECBFA000FF1D5 /* HTTPMethod.swift in Sources */,
				268D173925AECA65000FF1D5 /* ImageSourceHelpers.swift in Sources */,
				2694324F25AEA4B8003DC5C3 /* ImageTask.swift in Sources */,
				2694325525AEA4B8003DC5C3 /* ImagePreheater.swift in Sources */,
				0C4878AA22A84E9700CFCFE7 /* ImagePipelineSettingsViewController.swift in Sources */,
				268D177E25AECA87000FF1D5 /* ParsesAsynchronously.swift in Sources */,
				2694324E25AEA4B8003DC5C3 /* ImageCache.swift in Sources */,
				0C880537242EB74B00F8C5B3 /* SwiftSVGDemoViewController.swift in Sources */,
				2694325325AEA4B8003DC5C3 /* ImageEncoding.swift in Sources */,
				268D173625AECA65000FF1D5 /* CGSize.swift in Sources */,
				268D17CA25AECBFA000FF1D5 /* RequestInterceptor.swift in Sources */,
				268D178A25AECA87000FF1D5 /* SVGCircle.swift in Sources */,
				0CCC1899209EDCCF003D7172 /* AppDelegate.swift in Sources */,
				268D179925AECA87000FF1D5 /* Scalar+FromByteArray.swift in Sources */,
				268D17DC25AECBFA000FF1D5 /* MultipartUpload.swift in Sources */,
				268D17E525AECBFA000FF1D5 /* Result+Alamofire.swift in Sources */,
				268D17A325AECA87000FF1D5 /* NSBezierPath+CrossPlatform.swift in Sources */,
				268D178925AECA87000FF1D5 /* SVGEllipse.swift in Sources */,
				2694325825AEA4B8003DC5C3 /* ImageDecoding.swift in Sources */,
				268D17C925AECBFA000FF1D5 /* MultipartFormData.swift in Sources */,
				268D173325AECA65000FF1D5 /* Animator.swift in Sources */,
				268D179025AECA87000FF1D5 /* Dictionary+Add.swift in Sources */,
				268D177F25AECA87000FF1D5 /* SVGPolygon.swift in Sources */,
				268D17EA25AECBFA000FF1D5 /* ResponseSerialization.swift in Sources */,
				0CCC189A209EDCCF003D7172 /* Utilities.swift in Sources */,
				0CE5F687215688590046609F /* PrefetchingDemoViewController.swift in Sources */,
				268D179425AECA87000FF1D5 /* String+Subscript.swift in Sources */,
				268D179F25AECA87000FF1D5 /* UIView+SVG.swift in Sources */,
				268D17A125AECA87000FF1D5 /* CALayer+SVG.swift in Sources */,
				2694325925AEA4B8003DC5C3 /* Deprecated.swift in Sources */,
				0CCC189C209EDCCF003D7172 /* MenuViewController.swift in Sources */,
				268D17A425AECA87000FF1D5 /* CrossPlatform.swift in Sources */,
				268D177A25AECA87000FF1D5 /* Strokable.swift in Sources */,
				268D17D025AECBFA000FF1D5 /* CachedResponseHandler.swift in Sources */,
				268D17A225AECA87000FF1D5 /* SVGView.swift in Sources */,
				268D178125AECA87000FF1D5 /* SVGLine.swift in Sources */,
				268D177725AECA87000FF1D5 /* SVGParser.swift in Sources */,
				268D179725AECA87000FF1D5 /* Data+CacheKey.swift in Sources */,
				2694325425AEA4B8003DC5C3 /* ImageViewExtensions.swift in Sources */,
				268D17E425AECBFA000FF1D5 /* Alamofire.swift in Sources */,
				268D178E25AECA87000FF1D5 /* Stack.swift in Sources */,
				268D177D25AECA87000FF1D5 /* Identifiable.swift in Sources */,
				268D17CF25AECBFA000FF1D5 /* OperationQueue+Alamofire.swift in Sources */,
				268D173525AECA65000FF1D5 /* Array.swift in Sources */,
				2694325A25AEA4B8003DC5C3 /* Internal.swift in Sources */,
				268D17A025AECA87000FF1D5 /* UIBezierPath+SVG.swift in Sources */,
				268D179B25AECA87000FF1D5 /* PathCommand.swift in Sources */,
				268D177925AECA87000FF1D5 /* Transformable.swift in Sources */,
				2694325025AEA4B8003DC5C3 /* ImagePipeline.swift in Sources */,
				268D17CB25AECBFA000FF1D5 /* NetworkReachabilityManager.swift in Sources */,
				0CD878972431108200DE301A /* Images.swift in Sources */,
				268D17E325AECBFA000FF1D5 /* Response.swift in Sources */,
				268D17E725AECBFA000FF1D5 /* HTTPHeaders.swift in Sources */,
				0CCC1896209EDCCF003D7172 /* RateLimiterDemoViewController.swift in Sources */,
				268D17D225AECBFA000FF1D5 /* DispatchQueue+Alamofire.swift in Sources */,
				268D179225AECA87000FF1D5 /* Dictionary+JSON.swift in Sources */,
				268D178B25AECA87000FF1D5 /* Print.swift in Sources */,
				2694325C25AEA4B8003DC5C3 /* Task.swift in Sources */,
				0CCC18A8209EE341003D7172 /* AlamofireIntegrationDemoViewController.swift in Sources */,
				268D17D725AECBFA000FF1D5 /* AFError.swift in Sources */,
				268D178225AECA87000FF1D5 /* SVGPath.swift in Sources */,
				0CCC1898209EDCCF003D7172 /* DataCachingDemoViewController.swift in Sources */,
				0CBBB09B20A8116C007474D2 /* AnimatedImageUsingVideoViewController.swift in Sources */,
				268D178C25AECA87000FF1D5 /* Unown.swift in Sources */,
				268D17DE25AECBFA000FF1D5 /* URLConvertible+URLRequestConvertible.swift in Sources */,
				2694325B25AEA4B8003DC5C3 /* DataLoader.swift in Sources */,
				268D17D525AECBFA000FF1D5 /* ParameterEncoding.swift in Sources */,
				268D17E225AECBFA000FF1D5 /* AuthenticationInterceptor.swift in Sources */,
				268D173225AECA65000FF1D5 /* AnimatedFrame.swift in Sources */,
				268D179C25AECA87000FF1D5 /* CoordinateLexer.swift in Sources */,
				268D17E925AECBFA000FF1D5 /* Combine.swift in Sources */,
				268D17E825AECBFA000FF1D5 /* EventMonitor.swift in Sources */,
				268D173825AECA65000FF1D5 /* UIImageView.swift in Sources */,
				0CCC189D209EDCCF003D7172 /* ProgressiveDecodingDemoViewController.swift in Sources */,
				268D178725AECA87000FF1D5 /* SVGElement.swift in Sources */,
				0C4388A822AC060F007906A7 /* ImageProcessingDemoViewController.swift in Sources */,
				268D17CE25AECBFA000FF1D5 /* Session.swift in Sources */,
				268D179525AECA87000FF1D5 /* CALayer+Sublayers.swift in Sources */,
				268D17EB25AECBFA000FF1D5 /* SessionDelegate.swift in Sources */,
				268D179825AECA87000FF1D5 /* String+Trim.swift in Sources */,
				0CCC1894209EDCCF003D7172 /* BasicDemoViewController.swift in Sources */,
			);
			runOnlyForDeploymentPostprocessing = 0;
		};
/* End PBXSourcesBuildPhase section */

/* Begin PBXVariantGroup section */
		607FACD91AFB9204008FA782 /* Main.storyboard */ = {
			isa = PBXVariantGroup;
			children = (
				607FACDA1AFB9204008FA782 /* Base */,
			);
			name = Main.storyboard;
			sourceTree = "<group>";
		};
		607FACDE1AFB9204008FA782 /* LaunchScreen.xib */ = {
			isa = PBXVariantGroup;
			children = (
				607FACDF1AFB9204008FA782 /* Base */,
			);
			name = LaunchScreen.xib;
			sourceTree = "<group>";
		};
/* End PBXVariantGroup section */

/* Begin XCBuildConfiguration section */
		607FACED1AFB9204008FA782 /* Debug */ = {
			isa = XCBuildConfiguration;
			buildSettings = {
				ALWAYS_SEARCH_USER_PATHS = NO;
				CLANG_ANALYZER_LOCALIZABILITY_NONLOCALIZED = YES;
				CLANG_CXX_LANGUAGE_STANDARD = "gnu++0x";
				CLANG_CXX_LIBRARY = "libc++";
				CLANG_ENABLE_MODULES = YES;
				CLANG_ENABLE_OBJC_ARC = YES;
				CLANG_WARN_BLOCK_CAPTURE_AUTORELEASING = YES;
				CLANG_WARN_BOOL_CONVERSION = YES;
				CLANG_WARN_COMMA = YES;
				CLANG_WARN_CONSTANT_CONVERSION = YES;
				CLANG_WARN_DEPRECATED_OBJC_IMPLEMENTATIONS = YES;
				CLANG_WARN_DIRECT_OBJC_ISA_USAGE = YES_ERROR;
				CLANG_WARN_EMPTY_BODY = YES;
				CLANG_WARN_ENUM_CONVERSION = YES;
				CLANG_WARN_INFINITE_RECURSION = YES;
				CLANG_WARN_INT_CONVERSION = YES;
				CLANG_WARN_NON_LITERAL_NULL_CONVERSION = YES;
				CLANG_WARN_OBJC_IMPLICIT_RETAIN_SELF = YES;
				CLANG_WARN_OBJC_LITERAL_CONVERSION = YES;
				CLANG_WARN_OBJC_ROOT_CLASS = YES_ERROR;
				CLANG_WARN_QUOTED_INCLUDE_IN_FRAMEWORK_HEADER = YES;
				CLANG_WARN_RANGE_LOOP_ANALYSIS = YES;
				CLANG_WARN_STRICT_PROTOTYPES = YES;
				CLANG_WARN_SUSPICIOUS_MOVE = YES;
				CLANG_WARN_UNREACHABLE_CODE = YES;
				CLANG_WARN__DUPLICATE_METHOD_MATCH = YES;
				"CODE_SIGN_IDENTITY[sdk=iphoneos*]" = "iPhone Developer";
				COPY_PHASE_STRIP = NO;
				DEBUG_INFORMATION_FORMAT = "dwarf-with-dsym";
				ENABLE_STRICT_OBJC_MSGSEND = YES;
				ENABLE_TESTABILITY = YES;
				GCC_C_LANGUAGE_STANDARD = gnu99;
				GCC_DYNAMIC_NO_PIC = NO;
				GCC_NO_COMMON_BLOCKS = YES;
				GCC_OPTIMIZATION_LEVEL = 0;
				GCC_PREPROCESSOR_DEFINITIONS = (
					"DEBUG=1",
					"$(inherited)",
				);
				GCC_SYMBOLS_PRIVATE_EXTERN = NO;
				GCC_WARN_64_TO_32_BIT_CONVERSION = YES;
				GCC_WARN_ABOUT_RETURN_TYPE = YES_ERROR;
				GCC_WARN_UNDECLARED_SELECTOR = YES;
				GCC_WARN_UNINITIALIZED_AUTOS = YES_AGGRESSIVE;
				GCC_WARN_UNUSED_FUNCTION = YES;
				GCC_WARN_UNUSED_VARIABLE = YES;
				IPHONEOS_DEPLOYMENT_TARGET = 11.0;
				MTL_ENABLE_DEBUG_INFO = YES;
				ONLY_ACTIVE_ARCH = YES;
				SDKROOT = iphoneos;
				SWIFT_OPTIMIZATION_LEVEL = "-Onone";
			};
			name = Debug;
		};
		607FACEE1AFB9204008FA782 /* Release */ = {
			isa = XCBuildConfiguration;
			buildSettings = {
				ALWAYS_SEARCH_USER_PATHS = NO;
				CLANG_ANALYZER_LOCALIZABILITY_NONLOCALIZED = YES;
				CLANG_CXX_LANGUAGE_STANDARD = "gnu++0x";
				CLANG_CXX_LIBRARY = "libc++";
				CLANG_ENABLE_MODULES = YES;
				CLANG_ENABLE_OBJC_ARC = YES;
				CLANG_WARN_BLOCK_CAPTURE_AUTORELEASING = YES;
				CLANG_WARN_BOOL_CONVERSION = YES;
				CLANG_WARN_COMMA = YES;
				CLANG_WARN_CONSTANT_CONVERSION = YES;
				CLANG_WARN_DEPRECATED_OBJC_IMPLEMENTATIONS = YES;
				CLANG_WARN_DIRECT_OBJC_ISA_USAGE = YES_ERROR;
				CLANG_WARN_EMPTY_BODY = YES;
				CLANG_WARN_ENUM_CONVERSION = YES;
				CLANG_WARN_INFINITE_RECURSION = YES;
				CLANG_WARN_INT_CONVERSION = YES;
				CLANG_WARN_NON_LITERAL_NULL_CONVERSION = YES;
				CLANG_WARN_OBJC_IMPLICIT_RETAIN_SELF = YES;
				CLANG_WARN_OBJC_LITERAL_CONVERSION = YES;
				CLANG_WARN_OBJC_ROOT_CLASS = YES_ERROR;
				CLANG_WARN_QUOTED_INCLUDE_IN_FRAMEWORK_HEADER = YES;
				CLANG_WARN_RANGE_LOOP_ANALYSIS = YES;
				CLANG_WARN_STRICT_PROTOTYPES = YES;
				CLANG_WARN_SUSPICIOUS_MOVE = YES;
				CLANG_WARN_UNREACHABLE_CODE = YES;
				CLANG_WARN__DUPLICATE_METHOD_MATCH = YES;
				"CODE_SIGN_IDENTITY[sdk=iphoneos*]" = "iPhone Developer";
				COPY_PHASE_STRIP = NO;
				DEBUG_INFORMATION_FORMAT = "dwarf-with-dsym";
				ENABLE_NS_ASSERTIONS = NO;
				ENABLE_STRICT_OBJC_MSGSEND = YES;
				GCC_C_LANGUAGE_STANDARD = gnu99;
				GCC_NO_COMMON_BLOCKS = YES;
				GCC_WARN_64_TO_32_BIT_CONVERSION = YES;
				GCC_WARN_ABOUT_RETURN_TYPE = YES_ERROR;
				GCC_WARN_UNDECLARED_SELECTOR = YES;
				GCC_WARN_UNINITIALIZED_AUTOS = YES_AGGRESSIVE;
				GCC_WARN_UNUSED_FUNCTION = YES;
				GCC_WARN_UNUSED_VARIABLE = YES;
				IPHONEOS_DEPLOYMENT_TARGET = 11.0;
				MTL_ENABLE_DEBUG_INFO = NO;
				SDKROOT = iphoneos;
				SWIFT_COMPILATION_MODE = wholemodule;
				VALIDATE_PRODUCT = YES;
			};
			name = Release;
		};
		607FACF01AFB9204008FA782 /* Debug */ = {
			isa = XCBuildConfiguration;
			buildSettings = {
				ASSETCATALOG_COMPILER_APPICON_NAME = AppIcon;
				CLANG_ENABLE_MODULES = YES;
				DEVELOPMENT_TEAM = NR8DLKJ7E6;
				FRAMEWORK_SEARCH_PATHS = (
					"$(inherited)",
					"$(PROJECT_DIR)",
				);
				INFOPLIST_FILE = "$(SRCROOT)/Resources/Info.plist";
				IPHONEOS_DEPLOYMENT_TARGET = 11.0;
				LD_RUNPATH_SEARCH_PATHS = (
					"$(inherited)",
					"@executable_path/Frameworks",
				);
				MODULE_NAME = ExampleApp;
				PRODUCT_BUNDLE_IDENTIFIER = "org.cocoapods.demo.$(PRODUCT_NAME:rfc1034identifier)";
				PRODUCT_NAME = NukeDemo_Example;
				SWIFT_OPTIMIZATION_LEVEL = "-Onone";
				SWIFT_VERSION = 5.0;
				TARGETED_DEVICE_FAMILY = "1,2";
			};
			name = Debug;
		};
		607FACF11AFB9204008FA782 /* Release */ = {
			isa = XCBuildConfiguration;
			buildSettings = {
				ASSETCATALOG_COMPILER_APPICON_NAME = AppIcon;
				CLANG_ENABLE_MODULES = YES;
				DEVELOPMENT_TEAM = NR8DLKJ7E6;
				FRAMEWORK_SEARCH_PATHS = (
					"$(inherited)",
					"$(PROJECT_DIR)",
				);
				INFOPLIST_FILE = "$(SRCROOT)/Resources/Info.plist";
				IPHONEOS_DEPLOYMENT_TARGET = 11.0;
				LD_RUNPATH_SEARCH_PATHS = (
					"$(inherited)",
					"@executable_path/Frameworks",
				);
				MODULE_NAME = ExampleApp;
				PRODUCT_BUNDLE_IDENTIFIER = "org.cocoapods.demo.$(PRODUCT_NAME:rfc1034identifier)";
				PRODUCT_NAME = NukeDemo_Example;
				SWIFT_OPTIMIZATION_LEVEL = "-O";
				SWIFT_VERSION = 5.0;
				TARGETED_DEVICE_FAMILY = "1,2";
			};
			name = Release;
		};
/* End XCBuildConfiguration section */

/* Begin XCConfigurationList section */
		607FACCB1AFB9204008FA782 /* Build configuration list for PBXProject "NukeDemo" */ = {
			isa = XCConfigurationList;
			buildConfigurations = (
				607FACED1AFB9204008FA782 /* Debug */,
				607FACEE1AFB9204008FA782 /* Release */,
			);
			defaultConfigurationIsVisible = 0;
			defaultConfigurationName = Release;
		};
		607FACEF1AFB9204008FA782 /* Build configuration list for PBXNativeTarget "NukeDemo" */ = {
			isa = XCConfigurationList;
			buildConfigurations = (
				607FACF01AFB9204008FA782 /* Debug */,
				607FACF11AFB9204008FA782 /* Release */,
			);
			defaultConfigurationIsVisible = 0;
			defaultConfigurationName = Release;
		};
/* End XCConfigurationList section */
	};
	rootObject = 607FACC81AFB9204008FA782 /* Project object */;
}
